// !$*UTF8*$!
{
	archiveVersion = 1;
	classes = {
	};
	objectVersion = 51;
	objects = {

/* Begin PBXBuildFile section */
		110C63AC239D5ECB00D904DE /* Color.swift in Sources */ = {isa = PBXBuildFile; fileRef = 110C63AB239D5ECB00D904DE /* Color.swift */; };
		110C63AE239D613C00D904DE /* Typography.swift in Sources */ = {isa = PBXBuildFile; fileRef = 110C63AD239D613C00D904DE /* Typography.swift */; };
		110C63B1239D6E3800D904DE /* LogReminderRow.swift in Sources */ = {isa = PBXBuildFile; fileRef = 110C63B0239D6E3800D904DE /* LogReminderRow.swift */; };
		110C63B3239D6FA100D904DE /* Icon.swift in Sources */ = {isa = PBXBuildFile; fileRef = 110C63B2239D6FA100D904DE /* Icon.swift */; };
		110C63B5239DDCA500D904DE /* Dimens.swift in Sources */ = {isa = PBXBuildFile; fileRef = 110C63B4239DDCA500D904DE /* Dimens.swift */; };
		110C63B7239E067500D904DE /* LogReminderSection.swift in Sources */ = {isa = PBXBuildFile; fileRef = 110C63B6239E067500D904DE /* LogReminderSection.swift */; };
		111D61B623F31F100025019F /* CreateLogDateView.swift in Sources */ = {isa = PBXBuildFile; fileRef = 111D61B523F31F100025019F /* CreateLogDateView.swift */; };
		1120F7BC23C24BF900287337 /* ActivityLogDurationPickerView.swift in Sources */ = {isa = PBXBuildFile; fileRef = 1120F7BB23C24BF900287337 /* ActivityLogDurationPickerView.swift */; };
		114B7426239F4CA10095D44B /* HomeTab.swift in Sources */ = {isa = PBXBuildFile; fileRef = 114B7425239F4CA10095D44B /* HomeTab.swift */; };
		114B7428239F549D0095D44B /* RecentLogSection.swift in Sources */ = {isa = PBXBuildFile; fileRef = 114B7427239F549D0095D44B /* RecentLogSection.swift */; };
		114B742A239FE9E20095D44B /* RootView.swift in Sources */ = {isa = PBXBuildFile; fileRef = 114B7429239FE9E20095D44B /* RootView.swift */; };
		114B742C23A0B2E50095D44B /* CreateLogView.swift in Sources */ = {isa = PBXBuildFile; fileRef = 114B742B23A0B2E40095D44B /* CreateLogView.swift */; };
		114B742F23A1E3D40095D44B /* CreateLogCategoryView.swift in Sources */ = {isa = PBXBuildFile; fileRef = 114B742E23A1E3D40095D44B /* CreateLogCategoryView.swift */; };
		114B743523A205EE0095D44B /* Log.swift in Sources */ = {isa = PBXBuildFile; fileRef = 114B743423A205EE0095D44B /* Log.swift */; };
		114B743723A207B10095D44B /* AppStore.swift in Sources */ = {isa = PBXBuildFile; fileRef = 114B743623A207B10095D44B /* AppStore.swift */; };
		114B743D23A20D120095D44B /* Actions.swift in Sources */ = {isa = PBXBuildFile; fileRef = 114B743C23A20D120095D44B /* Actions.swift */; };
		114B743F23A28A800095D44B /* AppRedux.swift in Sources */ = {isa = PBXBuildFile; fileRef = 114B743E23A28A800095D44B /* AppRedux.swift */; };
		1162466D23C1390500788BA5 /* SymptomSeveritySliderView.swift in Sources */ = {isa = PBXBuildFile; fileRef = 1162466C23C1390400788BA5 /* SymptomSeveritySliderView.swift */; };
		117F128D23E137990036C055 /* GoogleService-Info.plist in Resources */ = {isa = PBXBuildFile; fileRef = 117F128C23E137980036C055 /* GoogleService-Info.plist */; };
		11929D1123CC358400B06B99 /* ErrorView.swift in Sources */ = {isa = PBXBuildFile; fileRef = 11929D1023CC358400B06B99 /* ErrorView.swift */; };
		11B4311823A5BBB700909D47 /* Mood.swift in Sources */ = {isa = PBXBuildFile; fileRef = 11B4311723A5BBB700909D47 /* Mood.swift */; };
		11B4311A23A6960500909D47 /* LoadingSpinner.swift in Sources */ = {isa = PBXBuildFile; fileRef = 11B4311923A6960500909D47 /* LoadingSpinner.swift */; };
		11B4311D23A6974C00909D47 /* LoadingSpinnerWrappers.swift in Sources */ = {isa = PBXBuildFile; fileRef = 11B4311C23A6974C00909D47 /* LoadingSpinnerWrappers.swift */; };
		11B4311F23A69AC300909D47 /* ContentView.swift in Sources */ = {isa = PBXBuildFile; fileRef = 11B4311E23A69AC300909D47 /* ContentView.swift */; };
		11B4312323A6D71B00909D47 /* Helpers.swift in Sources */ = {isa = PBXBuildFile; fileRef = 11B4312223A6D71B00909D47 /* Helpers.swift */; };
		11B4312523A73B3700909D47 /* TabBarView.swift in Sources */ = {isa = PBXBuildFile; fileRef = 11B4312423A73B3700909D47 /* TabBarView.swift */; };
		11B4312723A8A03D00909D47 /* MoodLogView.swift in Sources */ = {isa = PBXBuildFile; fileRef = 11B4312623A8A03D00909D47 /* MoodLogView.swift */; };
		11B4312B23A9213400909D47 /* MoodRankPickerView.swift in Sources */ = {isa = PBXBuildFile; fileRef = 11B4312A23A9213400909D47 /* MoodRankPickerView.swift */; };
		11B4313023AB211B00909D47 /* SearchBar.swift in Sources */ = {isa = PBXBuildFile; fileRef = 11B4312F23AB211B00909D47 /* SearchBar.swift */; };
		11B4313223AE919B00909D47 /* CreateLogTextField.swift in Sources */ = {isa = PBXBuildFile; fileRef = 11B4313123AE919B00909D47 /* CreateLogTextField.swift */; };
		11B7651323CEDA5F00BC08CB /* LogDetailView.swift in Sources */ = {isa = PBXBuildFile; fileRef = 11B7651223CEDA5F00BC08CB /* LogDetailView.swift */; };
		11B7651523CEDAA100BC08CB /* LogDetailSymptomView.swift in Sources */ = {isa = PBXBuildFile; fileRef = 11B7651423CEDAA100BC08CB /* LogDetailSymptomView.swift */; };
		11B7651923CF6D7100BC08CB /* LogDetailNotesView.swift in Sources */ = {isa = PBXBuildFile; fileRef = 11B7651823CF6D7100BC08CB /* LogDetailNotesView.swift */; };
		11EBB8E623DD39E400575CA1 /* SettingsView.swift in Sources */ = {isa = PBXBuildFile; fileRef = 11EBB8E523DD39E400575CA1 /* SettingsView.swift */; };
		11EDAE4D240C5B340072B46F /* MoodAnalyticsSection.swift in Sources */ = {isa = PBXBuildFile; fileRef = 11EDAE4C240C5B340072B46F /* MoodAnalyticsSection.swift */; };
		11EDE0E823C6D17A00A54673 /* ViewLogsDateHeaderView.swift in Sources */ = {isa = PBXBuildFile; fileRef = 11EDE0E723C6D17A00A54673 /* ViewLogsDateHeaderView.swift */; };
		11EDE0EE23C6EE2E00A54673 /* DatePickerView.swift in Sources */ = {isa = PBXBuildFile; fileRef = 11EDE0ED23C6EE2E00A54673 /* DatePickerView.swift */; };
		11F445E4239A08CB00B501CD /* AppDelegate.swift in Sources */ = {isa = PBXBuildFile; fileRef = 11F445E3239A08CB00B501CD /* AppDelegate.swift */; };
		11F445E6239A08CB00B501CD /* SceneDelegate.swift in Sources */ = {isa = PBXBuildFile; fileRef = 11F445E5239A08CB00B501CD /* SceneDelegate.swift */; };
		11F445EA239A08D400B501CD /* Assets.xcassets in Resources */ = {isa = PBXBuildFile; fileRef = 11F445E9239A08D400B501CD /* Assets.xcassets */; };
		11F445ED239A08D400B501CD /* Preview Assets.xcassets in Resources */ = {isa = PBXBuildFile; fileRef = 11F445EC239A08D400B501CD /* Preview Assets.xcassets */; };
		11F445F0239A08D400B501CD /* LaunchScreen.storyboard in Resources */ = {isa = PBXBuildFile; fileRef = 11F445EE239A08D400B501CD /* LaunchScreen.storyboard */; };
		11FEACD223E2A5C800C22095 /* RoundedBorderButtonView.swift in Sources */ = {isa = PBXBuildFile; fileRef = 11FEACD123E2A5C800C22095 /* RoundedBorderButtonView.swift */; };
		11FF402D23FB8C4C0058583C /* BarChartComponent.swift in Sources */ = {isa = PBXBuildFile; fileRef = 11FF402C23FB8C4C0058583C /* BarChartComponent.swift */; };
		11FF402F23FC5C9B0058583C /* LineChartComponent.swift in Sources */ = {isa = PBXBuildFile; fileRef = 11FF402E23FC5C9B0058583C /* LineChartComponent.swift */; };
		11FF403223FEFB490058583C /* ChartView.swift in Sources */ = {isa = PBXBuildFile; fileRef = 11FF403123FEFB490058583C /* ChartView.swift */; };
		11FF403423FF277B0058583C /* PastWeekMoodChartView.swift in Sources */ = {isa = PBXBuildFile; fileRef = 11FF403323FF277B0058583C /* PastWeekMoodChartView.swift */; };
		9E04B066551BCEEF58E9DB5B /* HomeScreenMiddleware.swift in Sources */ = {isa = PBXBuildFile; fileRef = 9E04B329C5305296C0C18D78 /* HomeScreenMiddleware.swift */; };
		9E04B0E9C35B4A8C7F35725C /* LogRow.swift in Sources */ = {isa = PBXBuildFile; fileRef = 9E04B355F83BFA8404BC1206 /* LogRow.swift */; };
		9E04B1039F9BC785A128368E /* LogReminder.swift in Sources */ = {isa = PBXBuildFile; fileRef = 9E04B1218B164F2EF7864104 /* LogReminder.swift */; };
		9E04B13EB0CE4F0B2F194268 /* PreviewCharts.swift in Sources */ = {isa = PBXBuildFile; fileRef = 9E04B4D927FA1048319B793C /* PreviewCharts.swift */; };
		9E04B19E91A48EB332B64267 /* KeyboardPadding.swift in Sources */ = {isa = PBXBuildFile; fileRef = 9E04BBCE4CF1BE99C653BB69 /* KeyboardPadding.swift */; };
		9E04B1DC07699EBE5C684C53 /* MedicationLogView.swift in Sources */ = {isa = PBXBuildFile; fileRef = 9E04BC42FA01AF3C727FA0A7 /* MedicationLogView.swift */; };
		9E04B1F285BD40EB2E48688C /* SymptomLogView.swift in Sources */ = {isa = PBXBuildFile; fileRef = 9E04B359724D8C94ED1CFA37 /* SymptomLogView.swift */; };
		9E04B20DF75F4ECBB16C6DBC /* Symptom.swift in Sources */ = {isa = PBXBuildFile; fileRef = 9E04B658D36CC2F8B5F120B2 /* Symptom.swift */; };
		9E04B25F7C690817E09E203E /* UserService.swift in Sources */ = {isa = PBXBuildFile; fileRef = 9E04BCEA3FA0AEBDF8B13209 /* UserService.swift */; };
		9E04B2A80CC13789F016F18C /* LogDetailBasicsView.swift in Sources */ = {isa = PBXBuildFile; fileRef = 9E04BF258092F6829380B3A0 /* LogDetailBasicsView.swift */; };
		9E04B2AB822789B9206A8765 /* CreateLogReducer.swift in Sources */ = {isa = PBXBuildFile; fileRef = 9E04B5273996AD629A11C11A /* CreateLogReducer.swift */; };
		9E04B33DA4A87FE7E2ED790E /* LineChartModels.swift in Sources */ = {isa = PBXBuildFile; fileRef = 9E04B3E3FFB50A3920C79D37 /* LineChartModels.swift */; };
		9E04B43BF70AF74B23CE5CA1 /* Note.swift in Sources */ = {isa = PBXBuildFile; fileRef = 9E04BE25078C4D1D66F8E42F /* Note.swift */; };
		9E04B43EFE2FEC2099CB0364 /* SettingsState.swift in Sources */ = {isa = PBXBuildFile; fileRef = 9E04B03E2878B40603D16455 /* SettingsState.swift */; };
		9E04B44B6BD1BCCE962BF217 /* LineChartHelpers.swift in Sources */ = {isa = PBXBuildFile; fileRef = 9E04BB810B6C11FBAAE8572E /* LineChartHelpers.swift */; };
		9E04B48DD051003D11BEC39D /* BarChartModels.swift in Sources */ = {isa = PBXBuildFile; fileRef = 9E04BAC2E285A783EA206AED /* BarChartModels.swift */; };
		9E04B50598E3E5F85D218185 /* Activity.swift in Sources */ = {isa = PBXBuildFile; fileRef = 9E04BCFAAF7B3D5C2A36CCA7 /* Activity.swift */; };
		9E04B513CC19B5E2DB63CED9 /* SearchTextObservable.swift in Sources */ = {isa = PBXBuildFile; fileRef = 9E04B763E5A55C21C9EF3E57 /* SearchTextObservable.swift */; };
		9E04B5451F43ADCBD5CC72FA /* HomeScreenReducer.swift in Sources */ = {isa = PBXBuildFile; fileRef = 9E04BF971048F9F4765391DA /* HomeScreenReducer.swift */; };
		9E04B548CF6C4197ED8E871C /* ActivityLogDurationRowView.swift in Sources */ = {isa = PBXBuildFile; fileRef = 9E04B20C2645C58F9DEA417D /* ActivityLogDurationRowView.swift */; };
		9E04B5AFF3ADE20F1639D10D /* SearchListItemRow.swift in Sources */ = {isa = PBXBuildFile; fileRef = 9E04BA6E51A6CDACF7C60F88 /* SearchListItemRow.swift */; };
		9E04B5ECE8A4C858E0D30AB7 /* Utils.swift in Sources */ = {isa = PBXBuildFile; fileRef = 9E04BC18297FF062E82106AC /* Utils.swift */; };
		9E04B642138C647CA21FCBE5 /* AppInitMiddleware.swift in Sources */ = {isa = PBXBuildFile; fileRef = 9E04B8C59601E362C76DAABD /* AppInitMiddleware.swift */; };
		9E04B6B177FA9FB7A80BAC4E /* DatabaseService.swift in Sources */ = {isa = PBXBuildFile; fileRef = 9E04BF7E09883F4AD3733212 /* DatabaseService.swift */; };
		9E04B6BD53BC62CFB6CE2E1F /* CreateLogMiddleware.swift in Sources */ = {isa = PBXBuildFile; fileRef = 9E04B5548FA5FE0689E72183 /* CreateLogMiddleware.swift */; };
		9E04B6DD94E5A95F4D9DCA11 /* SerializationConstants.swift in Sources */ = {isa = PBXBuildFile; fileRef = 9E04B9C8FD3C64EAA23028B0 /* SerializationConstants.swift */; };
		9E04B7090408200D01C3F015 /* Nutrition.swift in Sources */ = {isa = PBXBuildFile; fileRef = 9E04B0FA059903598F57AE95 /* Nutrition.swift */; };
		9E04B755EF3C338636399E89 /* GlobalState.swift in Sources */ = {isa = PBXBuildFile; fileRef = 9E04BC484C03DA14EC33586F /* GlobalState.swift */; };
		9E04B7C8274F27A34D900D11 /* SearchAddItemView.swift in Sources */ = {isa = PBXBuildFile; fileRef = 9E04BA16DE33AF23CFDC1835 /* SearchAddItemView.swift */; };
		9E04B7D8552FA405AEC1E868 /* Common.swift in Sources */ = {isa = PBXBuildFile; fileRef = 9E04B315B5D54A72FC7B7D71 /* Common.swift */; };
		9E04B821E25A6B57FABBFC74 /* SearchListResultsView.swift in Sources */ = {isa = PBXBuildFile; fileRef = 9E04B80416B6B7E5CB269041 /* SearchListResultsView.swift */; };
		9E04B83524FD1C31EBE1A9AE /* SearchListView.swift in Sources */ = {isa = PBXBuildFile; fileRef = 9E04BA6AAC00E25E507C5764 /* SearchListView.swift */; };
		9E04B84BA6FC862AC60060D2 /* Previews.swift in Sources */ = {isa = PBXBuildFile; fileRef = 9E04BDF41F15A3CC3EB991BA /* Previews.swift */; };
		9E04B869A894D06C1A0F2BDA /* HomeScreenState.swift in Sources */ = {isa = PBXBuildFile; fileRef = 9E04B2034124C63454F0CEDC /* HomeScreenState.swift */; };
		9E04B885AE24CF4A17D9A873 /* LogService.swift in Sources */ = {isa = PBXBuildFile; fileRef = 9E04B6C42CD67CF8BEF300C2 /* LogService.swift */; };
		9E04B885C9949CF44B529078 /* LogDetailActivityView.swift in Sources */ = {isa = PBXBuildFile; fileRef = 9E04B6982A1B96DB0D1B6D6F /* LogDetailActivityView.swift */; };
		9E04B8EC811016356918B8F3 /* SearchListViewContainer.swift in Sources */ = {isa = PBXBuildFile; fileRef = 9E04B66DB477D3F118D5DA41 /* SearchListViewContainer.swift */; };
		9E04B95B683A587ACED91D5F /* LogDetailState.swift in Sources */ = {isa = PBXBuildFile; fileRef = 9E04B0F0135005B16E61B8A4 /* LogDetailState.swift */; };
		9E04B986D42B107ED18ED0E5 /* AuthViewControllerRepresentable.swift in Sources */ = {isa = PBXBuildFile; fileRef = 9E04B755AF0815DAF19D6FE2 /* AuthViewControllerRepresentable.swift */; };
		9E04B9894EED8D8491CD685D /* RealmConfig.swift in Sources */ = {isa = PBXBuildFile; fileRef = 9E04B51F7FCA5C02F7EDE359 /* RealmConfig.swift */; };
		9E04B9C36603145118DD76D2 /* AnalyticsModels.swift in Sources */ = {isa = PBXBuildFile; fileRef = 9E04BEC8DC37D9435D894317 /* AnalyticsModels.swift */; };
		9E04B9CCE5B730A6CD36D39A /* LogDetailMedicationView.swift in Sources */ = {isa = PBXBuildFile; fileRef = 9E04BB72735E65800D5B71ED /* LogDetailMedicationView.swift */; };
		9E04B9CD1E062D99206851B7 /* GlobalLogsMiddleware.swift in Sources */ = {isa = PBXBuildFile; fileRef = 9E04B2DD597DD9644E6A1EB8 /* GlobalLogsMiddleware.swift */; };
		9E04B9DD062519A86C6F3CD9 /* NutritionLogView.swift in Sources */ = {isa = PBXBuildFile; fileRef = 9E04BC48C0B7BB0F4682BE68 /* NutritionLogView.swift */; };
		9E04BA0B391A9ECA68557B6E /* ViewLogsMiddleware.swift in Sources */ = {isa = PBXBuildFile; fileRef = 9E04BB39F1BF4E0343249791 /* ViewLogsMiddleware.swift */; };
		9E04BA2F6B0EAE778B64DAEC /* TappableRowView.swift in Sources */ = {isa = PBXBuildFile; fileRef = 9E04BE968E2C57ED5F12F9BB /* TappableRowView.swift */; };
		9E04BA3CE472D42D9248BDCC /* SettingsReducer.swift in Sources */ = {isa = PBXBuildFile; fileRef = 9E04B63095D6F8938ED7D75C /* SettingsReducer.swift */; };
		9E04BA76B3A26CF5EAF2AB58 /* FirebaseAuthService.swift in Sources */ = {isa = PBXBuildFile; fileRef = 9E04BDF894B8BF390969E233 /* FirebaseAuthService.swift */; };
		9E04BAA1D418E7593D4D4FD8 /* LogDetailMiddleware.swift in Sources */ = {isa = PBXBuildFile; fileRef = 9E04BEBBE15540376ABFCEBC /* LogDetailMiddleware.swift */; };
		9E04BAB33DC97B591A4C4192 /* GlobalReducer.swift in Sources */ = {isa = PBXBuildFile; fileRef = 9E04B17C034FABD17AEC4BFB /* GlobalReducer.swift */; };
		9E04BAB3F139D3832AA46E46 /* SectionViews.swift in Sources */ = {isa = PBXBuildFile; fileRef = 9E04B9D9B417E31F7195DE54 /* SectionViews.swift */; };
		9E04BACB64E973DA12876E60 /* LogReminderRealmConverters.swift in Sources */ = {isa = PBXBuildFile; fileRef = 9E04B76872034B69E6F59084 /* LogReminderRealmConverters.swift */; };
		9E04BB192FBB0D8D9E0B836C /* AnalyticsService.swift in Sources */ = {isa = PBXBuildFile; fileRef = 9E04B39256857F5BF15DB44F /* AnalyticsService.swift */; };
		9E04BB1C25373057C19F19B9 /* AppReducer.swift in Sources */ = {isa = PBXBuildFile; fileRef = 9E04B11F0B3A84BA18DFF035 /* AppReducer.swift */; };
		9E04BB25498F950A8D84B41E /* PreviewState.swift in Sources */ = {isa = PBXBuildFile; fileRef = 9E04BB43647F9802F581CE76 /* PreviewState.swift */; };
		9E04BB30BD8E25713D8572AA /* CreateLogState.swift in Sources */ = {isa = PBXBuildFile; fileRef = 9E04B2DF23C563EDE7C0BBEE /* CreateLogState.swift */; };
		9E04BB66ECCD13C94DFBC8B1 /* Popup.swift in Sources */ = {isa = PBXBuildFile; fileRef = 9E04BFB9FC87753455D68DDA /* Popup.swift */; };
		9E04BB6ECC15FF7A01CF2DB5 /* ChartModels.swift in Sources */ = {isa = PBXBuildFile; fileRef = 9E04BD32195B26669D42A6AD /* ChartModels.swift */; };
		9E04BBC2B2FF6C3F91B2FC86 /* ViewLogsReducer.swift in Sources */ = {isa = PBXBuildFile; fileRef = 9E04B4F958CBB6E0E7260A21 /* ViewLogsReducer.swift */; };
		9E04BBC70F549E1E51568666 /* DisableInteraction.swift in Sources */ = {isa = PBXBuildFile; fileRef = 9E04BD4984DDBAEC66B08A34 /* DisableInteraction.swift */; };
		9E04BC27B32E25F3B672BEBE /* FirebaseFirestoreService.swift in Sources */ = {isa = PBXBuildFile; fileRef = 9E04BAB20AC9FE3AA62269E3 /* FirebaseFirestoreService.swift */; };
		9E04BC69C070ACB3E9681D10 /* LoggableRealmConverters.swift in Sources */ = {isa = PBXBuildFile; fileRef = 9E04B2B35634D7EB1023FCB1 /* LoggableRealmConverters.swift */; };
		9E04BC8DB125285AF036E6F4 /* PreviewLoggables.swift in Sources */ = {isa = PBXBuildFile; fileRef = 9E04B6B20E717222C1408967 /* PreviewLoggables.swift */; };
		9E04BC93C6BC7E379AC5D5A7 /* Medication.swift in Sources */ = {isa = PBXBuildFile; fileRef = 9E04B5D9DCFF8D0157D8B57A /* Medication.swift */; };
		9E04BD64D0B8E18A2071FD45 /* ViewLogsTab.swift in Sources */ = {isa = PBXBuildFile; fileRef = 9E04B345F9A5313B154DC745 /* ViewLogsTab.swift */; };
		9E04BD764A5BD572470ED4E6 /* LogDetailNutritionView.swift in Sources */ = {isa = PBXBuildFile; fileRef = 9E04B0E20E298722B690F1C4 /* LogDetailNutritionView.swift */; };
		9E04BDA191E49B405BE5FFBC /* RealmService.swift in Sources */ = {isa = PBXBuildFile; fileRef = 9E04B2B1F511308872F893EB /* RealmService.swift */; };
		9E04BDBDF506B0CB3069CA8E /* SettingsMiddleware.swift in Sources */ = {isa = PBXBuildFile; fileRef = 9E04BD4AB903F6E3E687B8B6 /* SettingsMiddleware.swift */; };
		9E04BE1242E1E56CB9BD4DF4 /* LoggingMiddleware.swift in Sources */ = {isa = PBXBuildFile; fileRef = 9E04BB465D817C71E35F45EF /* LoggingMiddleware.swift */; };
		9E04BE181FE86A8C5846BA79 /* CacheService.swift in Sources */ = {isa = PBXBuildFile; fileRef = 9E04BD42E217456E1AA1DA03 /* CacheService.swift */; };
		9E04BE71507D8C7877D339EF /* GlobalLogReducer.swift in Sources */ = {isa = PBXBuildFile; fileRef = 9E04B7DC39527088D3529BB7 /* GlobalLogReducer.swift */; };
		9E04BEAB2820AE84A00779F5 /* ViewLogsState.swift in Sources */ = {isa = PBXBuildFile; fileRef = 9E04B3D87A2D9D0DC0EFC30B /* ViewLogsState.swift */; };
		9E04BEB7D91AD8C615C84D77 /* ActivityLogView.swift in Sources */ = {isa = PBXBuildFile; fileRef = 9E04B158D38EBC0BEC5C2A77 /* ActivityLogView.swift */; };
		9E04BEEF5C7968E0AAD57AEB /* GlobalLogState.swift in Sources */ = {isa = PBXBuildFile; fileRef = 9E04B2E5D1742A91F37DD955 /* GlobalLogState.swift */; };
		9E04BF009A3FCEC39D6F0D59 /* StandardPopups.swift in Sources */ = {isa = PBXBuildFile; fileRef = 9E04BE18499AF88003242B88 /* StandardPopups.swift */; };
		9E04BF52352D5864E885244A /* FirebaseHelpers.swift in Sources */ = {isa = PBXBuildFile; fileRef = 9E04B83EBE19C3CBCF07427F /* FirebaseHelpers.swift */; };
		9E04BF8B0D0B677809F642FB /* LogDetailsReducer.swift in Sources */ = {isa = PBXBuildFile; fileRef = 9E04B636D29C54C7BDCD27A7 /* LogDetailsReducer.swift */; };
		9E04BF9D42BED6CD1B95E47A /* UserConstants.swift in Sources */ = {isa = PBXBuildFile; fileRef = 9E04B6C450860BE65AF311A7 /* UserConstants.swift */; };
		9E04BFCF9C45BB3FCE40FFE3 /* User.swift in Sources */ = {isa = PBXBuildFile; fileRef = 9E04B4A50B14B9F44D696289 /* User.swift */; };
		F8CAFC9280F4E68431474074 /* Pods_Bonsai.framework in Frameworks */ = {isa = PBXBuildFile; fileRef = 76CC4C0B881B5BDB7CBB1305 /* Pods_Bonsai.framework */; };
/* End PBXBuildFile section */

/* Begin PBXFileReference section */
		110C63AB239D5ECB00D904DE /* Color.swift */ = {isa = PBXFileReference; lastKnownFileType = sourcecode.swift; path = Color.swift; sourceTree = "<group>"; };
		110C63AD239D613C00D904DE /* Typography.swift */ = {isa = PBXFileReference; lastKnownFileType = sourcecode.swift; path = Typography.swift; sourceTree = "<group>"; };
		110C63B0239D6E3800D904DE /* LogReminderRow.swift */ = {isa = PBXFileReference; lastKnownFileType = sourcecode.swift; path = LogReminderRow.swift; sourceTree = "<group>"; };
		110C63B2239D6FA100D904DE /* Icon.swift */ = {isa = PBXFileReference; lastKnownFileType = sourcecode.swift; path = Icon.swift; sourceTree = "<group>"; };
		110C63B4239DDCA500D904DE /* Dimens.swift */ = {isa = PBXFileReference; lastKnownFileType = sourcecode.swift; path = Dimens.swift; sourceTree = "<group>"; };
		110C63B6239E067500D904DE /* LogReminderSection.swift */ = {isa = PBXFileReference; lastKnownFileType = sourcecode.swift; path = LogReminderSection.swift; sourceTree = "<group>"; };
		111D61B523F31F100025019F /* CreateLogDateView.swift */ = {isa = PBXFileReference; lastKnownFileType = sourcecode.swift; path = CreateLogDateView.swift; sourceTree = "<group>"; };
		1120F7BB23C24BF900287337 /* ActivityLogDurationPickerView.swift */ = {isa = PBXFileReference; lastKnownFileType = sourcecode.swift; path = ActivityLogDurationPickerView.swift; sourceTree = "<group>"; };
		114B7425239F4CA10095D44B /* HomeTab.swift */ = {isa = PBXFileReference; lastKnownFileType = sourcecode.swift; path = HomeTab.swift; sourceTree = "<group>"; };
		114B7427239F549D0095D44B /* RecentLogSection.swift */ = {isa = PBXFileReference; lastKnownFileType = sourcecode.swift; path = RecentLogSection.swift; sourceTree = "<group>"; };
		114B7429239FE9E20095D44B /* RootView.swift */ = {isa = PBXFileReference; lastKnownFileType = sourcecode.swift; path = RootView.swift; sourceTree = "<group>"; };
		114B742B23A0B2E40095D44B /* CreateLogView.swift */ = {isa = PBXFileReference; lastKnownFileType = sourcecode.swift; path = CreateLogView.swift; sourceTree = "<group>"; };
		114B742E23A1E3D40095D44B /* CreateLogCategoryView.swift */ = {isa = PBXFileReference; lastKnownFileType = sourcecode.swift; path = CreateLogCategoryView.swift; sourceTree = "<group>"; };
		114B743423A205EE0095D44B /* Log.swift */ = {isa = PBXFileReference; lastKnownFileType = sourcecode.swift; path = Log.swift; sourceTree = "<group>"; };
		114B743623A207B10095D44B /* AppStore.swift */ = {isa = PBXFileReference; lastKnownFileType = sourcecode.swift; path = AppStore.swift; sourceTree = "<group>"; };
		114B743C23A20D120095D44B /* Actions.swift */ = {isa = PBXFileReference; lastKnownFileType = sourcecode.swift; path = Actions.swift; sourceTree = "<group>"; };
		114B743E23A28A800095D44B /* AppRedux.swift */ = {isa = PBXFileReference; lastKnownFileType = sourcecode.swift; path = AppRedux.swift; sourceTree = "<group>"; };
		1162466C23C1390400788BA5 /* SymptomSeveritySliderView.swift */ = {isa = PBXFileReference; lastKnownFileType = sourcecode.swift; path = SymptomSeveritySliderView.swift; sourceTree = "<group>"; };
		117F128C23E137980036C055 /* GoogleService-Info.plist */ = {isa = PBXFileReference; fileEncoding = 4; lastKnownFileType = text.plist.xml; path = "GoogleService-Info.plist"; sourceTree = "<group>"; };
		11929D1023CC358400B06B99 /* ErrorView.swift */ = {isa = PBXFileReference; lastKnownFileType = sourcecode.swift; path = ErrorView.swift; sourceTree = "<group>"; };
		11B4311723A5BBB700909D47 /* Mood.swift */ = {isa = PBXFileReference; lastKnownFileType = sourcecode.swift; path = Mood.swift; sourceTree = "<group>"; };
		11B4311923A6960500909D47 /* LoadingSpinner.swift */ = {isa = PBXFileReference; lastKnownFileType = sourcecode.swift; path = LoadingSpinner.swift; sourceTree = "<group>"; };
		11B4311C23A6974C00909D47 /* LoadingSpinnerWrappers.swift */ = {isa = PBXFileReference; lastKnownFileType = sourcecode.swift; path = LoadingSpinnerWrappers.swift; sourceTree = "<group>"; };
		11B4311E23A69AC300909D47 /* ContentView.swift */ = {isa = PBXFileReference; lastKnownFileType = sourcecode.swift; path = ContentView.swift; sourceTree = "<group>"; };
		11B4312223A6D71B00909D47 /* Helpers.swift */ = {isa = PBXFileReference; lastKnownFileType = sourcecode.swift; path = Helpers.swift; sourceTree = "<group>"; };
		11B4312423A73B3700909D47 /* TabBarView.swift */ = {isa = PBXFileReference; lastKnownFileType = sourcecode.swift; path = TabBarView.swift; sourceTree = "<group>"; };
		11B4312623A8A03D00909D47 /* MoodLogView.swift */ = {isa = PBXFileReference; lastKnownFileType = sourcecode.swift; path = MoodLogView.swift; sourceTree = "<group>"; };
		11B4312A23A9213400909D47 /* MoodRankPickerView.swift */ = {isa = PBXFileReference; lastKnownFileType = sourcecode.swift; path = MoodRankPickerView.swift; sourceTree = "<group>"; };
		11B4312F23AB211B00909D47 /* SearchBar.swift */ = {isa = PBXFileReference; lastKnownFileType = sourcecode.swift; path = SearchBar.swift; sourceTree = "<group>"; };
		11B4313123AE919B00909D47 /* CreateLogTextField.swift */ = {isa = PBXFileReference; lastKnownFileType = sourcecode.swift; path = CreateLogTextField.swift; sourceTree = "<group>"; };
		11B7651223CEDA5F00BC08CB /* LogDetailView.swift */ = {isa = PBXFileReference; lastKnownFileType = sourcecode.swift; path = LogDetailView.swift; sourceTree = "<group>"; };
		11B7651423CEDAA100BC08CB /* LogDetailSymptomView.swift */ = {isa = PBXFileReference; lastKnownFileType = sourcecode.swift; path = LogDetailSymptomView.swift; sourceTree = "<group>"; };
		11B7651823CF6D7100BC08CB /* LogDetailNotesView.swift */ = {isa = PBXFileReference; lastKnownFileType = sourcecode.swift; path = LogDetailNotesView.swift; sourceTree = "<group>"; };
		11EBB8E523DD39E400575CA1 /* SettingsView.swift */ = {isa = PBXFileReference; lastKnownFileType = sourcecode.swift; path = SettingsView.swift; sourceTree = "<group>"; };
		11EDAE4C240C5B340072B46F /* MoodAnalyticsSection.swift */ = {isa = PBXFileReference; lastKnownFileType = sourcecode.swift; path = MoodAnalyticsSection.swift; sourceTree = "<group>"; };
		11EDE0E723C6D17A00A54673 /* ViewLogsDateHeaderView.swift */ = {isa = PBXFileReference; lastKnownFileType = sourcecode.swift; path = ViewLogsDateHeaderView.swift; sourceTree = "<group>"; };
		11EDE0ED23C6EE2E00A54673 /* DatePickerView.swift */ = {isa = PBXFileReference; lastKnownFileType = sourcecode.swift; path = DatePickerView.swift; sourceTree = "<group>"; };
		11F445E0239A08CB00B501CD /* Bonsai.app */ = {isa = PBXFileReference; explicitFileType = wrapper.application; includeInIndex = 0; path = Bonsai.app; sourceTree = BUILT_PRODUCTS_DIR; };
		11F445E3239A08CB00B501CD /* AppDelegate.swift */ = {isa = PBXFileReference; lastKnownFileType = sourcecode.swift; path = AppDelegate.swift; sourceTree = "<group>"; };
		11F445E5239A08CB00B501CD /* SceneDelegate.swift */ = {isa = PBXFileReference; lastKnownFileType = sourcecode.swift; path = SceneDelegate.swift; sourceTree = "<group>"; };
		11F445E9239A08D400B501CD /* Assets.xcassets */ = {isa = PBXFileReference; lastKnownFileType = folder.assetcatalog; path = Assets.xcassets; sourceTree = "<group>"; };
		11F445EC239A08D400B501CD /* Preview Assets.xcassets */ = {isa = PBXFileReference; lastKnownFileType = folder.assetcatalog; path = "Preview Assets.xcassets"; sourceTree = "<group>"; };
		11F445EF239A08D400B501CD /* Base */ = {isa = PBXFileReference; lastKnownFileType = file.storyboard; name = Base; path = Base.lproj/LaunchScreen.storyboard; sourceTree = "<group>"; };
		11F445F1239A08D400B501CD /* Info.plist */ = {isa = PBXFileReference; lastKnownFileType = text.plist.xml; path = Info.plist; sourceTree = "<group>"; };
		11FEACD123E2A5C800C22095 /* RoundedBorderButtonView.swift */ = {isa = PBXFileReference; lastKnownFileType = sourcecode.swift; path = RoundedBorderButtonView.swift; sourceTree = "<group>"; };
		11FF402C23FB8C4C0058583C /* BarChartComponent.swift */ = {isa = PBXFileReference; lastKnownFileType = sourcecode.swift; path = BarChartComponent.swift; sourceTree = "<group>"; };
		11FF402E23FC5C9B0058583C /* LineChartComponent.swift */ = {isa = PBXFileReference; lastKnownFileType = sourcecode.swift; path = LineChartComponent.swift; sourceTree = "<group>"; };
		11FF403123FEFB490058583C /* ChartView.swift */ = {isa = PBXFileReference; lastKnownFileType = sourcecode.swift; path = ChartView.swift; sourceTree = "<group>"; };
		11FF403323FF277B0058583C /* PastWeekMoodChartView.swift */ = {isa = PBXFileReference; lastKnownFileType = sourcecode.swift; path = PastWeekMoodChartView.swift; sourceTree = "<group>"; };
		5224D148B81081E7444187A6 /* Pods-HealthTrack.release.xcconfig */ = {isa = PBXFileReference; includeInIndex = 1; lastKnownFileType = text.xcconfig; name = "Pods-HealthTrack.release.xcconfig"; path = "Target Support Files/Pods-HealthTrack/Pods-HealthTrack.release.xcconfig"; sourceTree = "<group>"; };
		75E56A12C7431D234EDF9416 /* Pods-Bonsai.debug.xcconfig */ = {isa = PBXFileReference; includeInIndex = 1; lastKnownFileType = text.xcconfig; name = "Pods-Bonsai.debug.xcconfig"; path = "Target Support Files/Pods-Bonsai/Pods-Bonsai.debug.xcconfig"; sourceTree = "<group>"; };
		76CC4C0B881B5BDB7CBB1305 /* Pods_Bonsai.framework */ = {isa = PBXFileReference; explicitFileType = wrapper.framework; includeInIndex = 0; path = Pods_Bonsai.framework; sourceTree = BUILT_PRODUCTS_DIR; };
		9E04B03E2878B40603D16455 /* SettingsState.swift */ = {isa = PBXFileReference; fileEncoding = 4; lastKnownFileType = sourcecode.swift; path = SettingsState.swift; sourceTree = "<group>"; };
		9E04B0E20E298722B690F1C4 /* LogDetailNutritionView.swift */ = {isa = PBXFileReference; fileEncoding = 4; lastKnownFileType = sourcecode.swift; path = LogDetailNutritionView.swift; sourceTree = "<group>"; };
		9E04B0F0135005B16E61B8A4 /* LogDetailState.swift */ = {isa = PBXFileReference; fileEncoding = 4; lastKnownFileType = sourcecode.swift; path = LogDetailState.swift; sourceTree = "<group>"; };
		9E04B0FA059903598F57AE95 /* Nutrition.swift */ = {isa = PBXFileReference; fileEncoding = 4; lastKnownFileType = sourcecode.swift; path = Nutrition.swift; sourceTree = "<group>"; };
		9E04B11F0B3A84BA18DFF035 /* AppReducer.swift */ = {isa = PBXFileReference; fileEncoding = 4; lastKnownFileType = sourcecode.swift; path = AppReducer.swift; sourceTree = "<group>"; };
		9E04B1218B164F2EF7864104 /* LogReminder.swift */ = {isa = PBXFileReference; fileEncoding = 4; lastKnownFileType = sourcecode.swift; path = LogReminder.swift; sourceTree = "<group>"; };
		9E04B158D38EBC0BEC5C2A77 /* ActivityLogView.swift */ = {isa = PBXFileReference; fileEncoding = 4; lastKnownFileType = sourcecode.swift; path = ActivityLogView.swift; sourceTree = "<group>"; };
		9E04B17C034FABD17AEC4BFB /* GlobalReducer.swift */ = {isa = PBXFileReference; fileEncoding = 4; lastKnownFileType = sourcecode.swift; path = GlobalReducer.swift; sourceTree = "<group>"; };
		9E04B2034124C63454F0CEDC /* HomeScreenState.swift */ = {isa = PBXFileReference; fileEncoding = 4; lastKnownFileType = sourcecode.swift; path = HomeScreenState.swift; sourceTree = "<group>"; };
		9E04B20C2645C58F9DEA417D /* ActivityLogDurationRowView.swift */ = {isa = PBXFileReference; fileEncoding = 4; lastKnownFileType = sourcecode.swift; path = ActivityLogDurationRowView.swift; sourceTree = "<group>"; };
		9E04B2B1F511308872F893EB /* RealmService.swift */ = {isa = PBXFileReference; fileEncoding = 4; lastKnownFileType = sourcecode.swift; path = RealmService.swift; sourceTree = "<group>"; };
		9E04B2B35634D7EB1023FCB1 /* LoggableRealmConverters.swift */ = {isa = PBXFileReference; fileEncoding = 4; lastKnownFileType = sourcecode.swift; path = LoggableRealmConverters.swift; sourceTree = "<group>"; };
		9E04B2DD597DD9644E6A1EB8 /* GlobalLogsMiddleware.swift */ = {isa = PBXFileReference; fileEncoding = 4; lastKnownFileType = sourcecode.swift; path = GlobalLogsMiddleware.swift; sourceTree = "<group>"; };
		9E04B2DF23C563EDE7C0BBEE /* CreateLogState.swift */ = {isa = PBXFileReference; fileEncoding = 4; lastKnownFileType = sourcecode.swift; path = CreateLogState.swift; sourceTree = "<group>"; };
		9E04B2E5D1742A91F37DD955 /* GlobalLogState.swift */ = {isa = PBXFileReference; fileEncoding = 4; lastKnownFileType = sourcecode.swift; path = GlobalLogState.swift; sourceTree = "<group>"; };
		9E04B315B5D54A72FC7B7D71 /* Common.swift */ = {isa = PBXFileReference; fileEncoding = 4; lastKnownFileType = sourcecode.swift; path = Common.swift; sourceTree = "<group>"; };
		9E04B329C5305296C0C18D78 /* HomeScreenMiddleware.swift */ = {isa = PBXFileReference; fileEncoding = 4; lastKnownFileType = sourcecode.swift; path = HomeScreenMiddleware.swift; sourceTree = "<group>"; };
		9E04B345F9A5313B154DC745 /* ViewLogsTab.swift */ = {isa = PBXFileReference; fileEncoding = 4; lastKnownFileType = sourcecode.swift; path = ViewLogsTab.swift; sourceTree = "<group>"; };
		9E04B355F83BFA8404BC1206 /* LogRow.swift */ = {isa = PBXFileReference; fileEncoding = 4; lastKnownFileType = sourcecode.swift; path = LogRow.swift; sourceTree = "<group>"; };
		9E04B359724D8C94ED1CFA37 /* SymptomLogView.swift */ = {isa = PBXFileReference; fileEncoding = 4; lastKnownFileType = sourcecode.swift; path = SymptomLogView.swift; sourceTree = "<group>"; };
		9E04B39256857F5BF15DB44F /* AnalyticsService.swift */ = {isa = PBXFileReference; fileEncoding = 4; lastKnownFileType = sourcecode.swift; path = AnalyticsService.swift; sourceTree = "<group>"; };
		9E04B3D87A2D9D0DC0EFC30B /* ViewLogsState.swift */ = {isa = PBXFileReference; fileEncoding = 4; lastKnownFileType = sourcecode.swift; path = ViewLogsState.swift; sourceTree = "<group>"; };
		9E04B3E3FFB50A3920C79D37 /* LineChartModels.swift */ = {isa = PBXFileReference; fileEncoding = 4; lastKnownFileType = sourcecode.swift; path = LineChartModels.swift; sourceTree = "<group>"; };
		9E04B4A50B14B9F44D696289 /* User.swift */ = {isa = PBXFileReference; fileEncoding = 4; lastKnownFileType = sourcecode.swift; path = User.swift; sourceTree = "<group>"; };
		9E04B4D927FA1048319B793C /* PreviewCharts.swift */ = {isa = PBXFileReference; fileEncoding = 4; lastKnownFileType = sourcecode.swift; path = PreviewCharts.swift; sourceTree = "<group>"; };
		9E04B4F958CBB6E0E7260A21 /* ViewLogsReducer.swift */ = {isa = PBXFileReference; fileEncoding = 4; lastKnownFileType = sourcecode.swift; path = ViewLogsReducer.swift; sourceTree = "<group>"; };
		9E04B51F7FCA5C02F7EDE359 /* RealmConfig.swift */ = {isa = PBXFileReference; fileEncoding = 4; lastKnownFileType = sourcecode.swift; path = RealmConfig.swift; sourceTree = "<group>"; };
		9E04B5273996AD629A11C11A /* CreateLogReducer.swift */ = {isa = PBXFileReference; fileEncoding = 4; lastKnownFileType = sourcecode.swift; path = CreateLogReducer.swift; sourceTree = "<group>"; };
		9E04B5548FA5FE0689E72183 /* CreateLogMiddleware.swift */ = {isa = PBXFileReference; fileEncoding = 4; lastKnownFileType = sourcecode.swift; path = CreateLogMiddleware.swift; sourceTree = "<group>"; };
		9E04B5D9DCFF8D0157D8B57A /* Medication.swift */ = {isa = PBXFileReference; fileEncoding = 4; lastKnownFileType = sourcecode.swift; path = Medication.swift; sourceTree = "<group>"; };
		9E04B63095D6F8938ED7D75C /* SettingsReducer.swift */ = {isa = PBXFileReference; fileEncoding = 4; lastKnownFileType = sourcecode.swift; path = SettingsReducer.swift; sourceTree = "<group>"; };
		9E04B636D29C54C7BDCD27A7 /* LogDetailsReducer.swift */ = {isa = PBXFileReference; fileEncoding = 4; lastKnownFileType = sourcecode.swift; path = LogDetailsReducer.swift; sourceTree = "<group>"; };
		9E04B658D36CC2F8B5F120B2 /* Symptom.swift */ = {isa = PBXFileReference; fileEncoding = 4; lastKnownFileType = sourcecode.swift; path = Symptom.swift; sourceTree = "<group>"; };
		9E04B66DB477D3F118D5DA41 /* SearchListViewContainer.swift */ = {isa = PBXFileReference; fileEncoding = 4; lastKnownFileType = sourcecode.swift; path = SearchListViewContainer.swift; sourceTree = "<group>"; };
		9E04B6982A1B96DB0D1B6D6F /* LogDetailActivityView.swift */ = {isa = PBXFileReference; fileEncoding = 4; lastKnownFileType = sourcecode.swift; path = LogDetailActivityView.swift; sourceTree = "<group>"; };
		9E04B6B20E717222C1408967 /* PreviewLoggables.swift */ = {isa = PBXFileReference; fileEncoding = 4; lastKnownFileType = sourcecode.swift; path = PreviewLoggables.swift; sourceTree = "<group>"; };
		9E04B6C42CD67CF8BEF300C2 /* LogService.swift */ = {isa = PBXFileReference; fileEncoding = 4; lastKnownFileType = sourcecode.swift; path = LogService.swift; sourceTree = "<group>"; };
		9E04B6C450860BE65AF311A7 /* UserConstants.swift */ = {isa = PBXFileReference; fileEncoding = 4; lastKnownFileType = sourcecode.swift; path = UserConstants.swift; sourceTree = "<group>"; };
		9E04B755AF0815DAF19D6FE2 /* AuthViewControllerRepresentable.swift */ = {isa = PBXFileReference; fileEncoding = 4; lastKnownFileType = sourcecode.swift; path = AuthViewControllerRepresentable.swift; sourceTree = "<group>"; };
		9E04B763E5A55C21C9EF3E57 /* SearchTextObservable.swift */ = {isa = PBXFileReference; fileEncoding = 4; lastKnownFileType = sourcecode.swift; path = SearchTextObservable.swift; sourceTree = "<group>"; };
		9E04B76872034B69E6F59084 /* LogReminderRealmConverters.swift */ = {isa = PBXFileReference; fileEncoding = 4; lastKnownFileType = sourcecode.swift; path = LogReminderRealmConverters.swift; sourceTree = "<group>"; };
		9E04B7DC39527088D3529BB7 /* GlobalLogReducer.swift */ = {isa = PBXFileReference; fileEncoding = 4; lastKnownFileType = sourcecode.swift; path = GlobalLogReducer.swift; sourceTree = "<group>"; };
		9E04B80416B6B7E5CB269041 /* SearchListResultsView.swift */ = {isa = PBXFileReference; fileEncoding = 4; lastKnownFileType = sourcecode.swift; path = SearchListResultsView.swift; sourceTree = "<group>"; };
		9E04B83EBE19C3CBCF07427F /* FirebaseHelpers.swift */ = {isa = PBXFileReference; fileEncoding = 4; lastKnownFileType = sourcecode.swift; path = FirebaseHelpers.swift; sourceTree = "<group>"; };
		9E04B8C59601E362C76DAABD /* AppInitMiddleware.swift */ = {isa = PBXFileReference; fileEncoding = 4; lastKnownFileType = sourcecode.swift; path = AppInitMiddleware.swift; sourceTree = "<group>"; };
		9E04B9C8FD3C64EAA23028B0 /* SerializationConstants.swift */ = {isa = PBXFileReference; fileEncoding = 4; lastKnownFileType = sourcecode.swift; path = SerializationConstants.swift; sourceTree = "<group>"; };
		9E04B9D9B417E31F7195DE54 /* SectionViews.swift */ = {isa = PBXFileReference; fileEncoding = 4; lastKnownFileType = sourcecode.swift; path = SectionViews.swift; sourceTree = "<group>"; };
		9E04BA16DE33AF23CFDC1835 /* SearchAddItemView.swift */ = {isa = PBXFileReference; fileEncoding = 4; lastKnownFileType = sourcecode.swift; path = SearchAddItemView.swift; sourceTree = "<group>"; };
		9E04BA6AAC00E25E507C5764 /* SearchListView.swift */ = {isa = PBXFileReference; fileEncoding = 4; lastKnownFileType = sourcecode.swift; path = SearchListView.swift; sourceTree = "<group>"; };
		9E04BA6E51A6CDACF7C60F88 /* SearchListItemRow.swift */ = {isa = PBXFileReference; fileEncoding = 4; lastKnownFileType = sourcecode.swift; path = SearchListItemRow.swift; sourceTree = "<group>"; };
		9E04BAB20AC9FE3AA62269E3 /* FirebaseFirestoreService.swift */ = {isa = PBXFileReference; fileEncoding = 4; lastKnownFileType = sourcecode.swift; path = FirebaseFirestoreService.swift; sourceTree = "<group>"; };
		9E04BAC2E285A783EA206AED /* BarChartModels.swift */ = {isa = PBXFileReference; fileEncoding = 4; lastKnownFileType = sourcecode.swift; path = BarChartModels.swift; sourceTree = "<group>"; };
		9E04BB39F1BF4E0343249791 /* ViewLogsMiddleware.swift */ = {isa = PBXFileReference; fileEncoding = 4; lastKnownFileType = sourcecode.swift; path = ViewLogsMiddleware.swift; sourceTree = "<group>"; };
		9E04BB43647F9802F581CE76 /* PreviewState.swift */ = {isa = PBXFileReference; fileEncoding = 4; lastKnownFileType = sourcecode.swift; path = PreviewState.swift; sourceTree = "<group>"; };
		9E04BB465D817C71E35F45EF /* LoggingMiddleware.swift */ = {isa = PBXFileReference; fileEncoding = 4; lastKnownFileType = sourcecode.swift; path = LoggingMiddleware.swift; sourceTree = "<group>"; };
		9E04BB72735E65800D5B71ED /* LogDetailMedicationView.swift */ = {isa = PBXFileReference; fileEncoding = 4; lastKnownFileType = sourcecode.swift; path = LogDetailMedicationView.swift; sourceTree = "<group>"; };
		9E04BB810B6C11FBAAE8572E /* LineChartHelpers.swift */ = {isa = PBXFileReference; fileEncoding = 4; lastKnownFileType = sourcecode.swift; path = LineChartHelpers.swift; sourceTree = "<group>"; };
		9E04BBCE4CF1BE99C653BB69 /* KeyboardPadding.swift */ = {isa = PBXFileReference; fileEncoding = 4; lastKnownFileType = sourcecode.swift; path = KeyboardPadding.swift; sourceTree = "<group>"; };
		9E04BC18297FF062E82106AC /* Utils.swift */ = {isa = PBXFileReference; fileEncoding = 4; lastKnownFileType = sourcecode.swift; path = Utils.swift; sourceTree = "<group>"; };
		9E04BC42FA01AF3C727FA0A7 /* MedicationLogView.swift */ = {isa = PBXFileReference; fileEncoding = 4; lastKnownFileType = sourcecode.swift; path = MedicationLogView.swift; sourceTree = "<group>"; };
		9E04BC484C03DA14EC33586F /* GlobalState.swift */ = {isa = PBXFileReference; fileEncoding = 4; lastKnownFileType = sourcecode.swift; path = GlobalState.swift; sourceTree = "<group>"; };
		9E04BC48C0B7BB0F4682BE68 /* NutritionLogView.swift */ = {isa = PBXFileReference; fileEncoding = 4; lastKnownFileType = sourcecode.swift; path = NutritionLogView.swift; sourceTree = "<group>"; };
		9E04BCEA3FA0AEBDF8B13209 /* UserService.swift */ = {isa = PBXFileReference; fileEncoding = 4; lastKnownFileType = sourcecode.swift; path = UserService.swift; sourceTree = "<group>"; };
		9E04BCFAAF7B3D5C2A36CCA7 /* Activity.swift */ = {isa = PBXFileReference; fileEncoding = 4; lastKnownFileType = sourcecode.swift; path = Activity.swift; sourceTree = "<group>"; };
		9E04BD32195B26669D42A6AD /* ChartModels.swift */ = {isa = PBXFileReference; fileEncoding = 4; lastKnownFileType = sourcecode.swift; path = ChartModels.swift; sourceTree = "<group>"; };
		9E04BD42E217456E1AA1DA03 /* CacheService.swift */ = {isa = PBXFileReference; fileEncoding = 4; lastKnownFileType = sourcecode.swift; path = CacheService.swift; sourceTree = "<group>"; };
		9E04BD4984DDBAEC66B08A34 /* DisableInteraction.swift */ = {isa = PBXFileReference; fileEncoding = 4; lastKnownFileType = sourcecode.swift; path = DisableInteraction.swift; sourceTree = "<group>"; };
		9E04BD4AB903F6E3E687B8B6 /* SettingsMiddleware.swift */ = {isa = PBXFileReference; fileEncoding = 4; lastKnownFileType = sourcecode.swift; path = SettingsMiddleware.swift; sourceTree = "<group>"; };
		9E04BDF41F15A3CC3EB991BA /* Previews.swift */ = {isa = PBXFileReference; fileEncoding = 4; lastKnownFileType = sourcecode.swift; path = Previews.swift; sourceTree = "<group>"; };
		9E04BDF894B8BF390969E233 /* FirebaseAuthService.swift */ = {isa = PBXFileReference; fileEncoding = 4; lastKnownFileType = sourcecode.swift; path = FirebaseAuthService.swift; sourceTree = "<group>"; };
		9E04BE18499AF88003242B88 /* StandardPopups.swift */ = {isa = PBXFileReference; fileEncoding = 4; lastKnownFileType = sourcecode.swift; path = StandardPopups.swift; sourceTree = "<group>"; };
		9E04BE25078C4D1D66F8E42F /* Note.swift */ = {isa = PBXFileReference; fileEncoding = 4; lastKnownFileType = sourcecode.swift; path = Note.swift; sourceTree = "<group>"; };
		9E04BE968E2C57ED5F12F9BB /* TappableRowView.swift */ = {isa = PBXFileReference; fileEncoding = 4; lastKnownFileType = sourcecode.swift; path = TappableRowView.swift; sourceTree = "<group>"; };
		9E04BEBBE15540376ABFCEBC /* LogDetailMiddleware.swift */ = {isa = PBXFileReference; fileEncoding = 4; lastKnownFileType = sourcecode.swift; path = LogDetailMiddleware.swift; sourceTree = "<group>"; };
		9E04BEC8DC37D9435D894317 /* AnalyticsModels.swift */ = {isa = PBXFileReference; fileEncoding = 4; lastKnownFileType = sourcecode.swift; path = AnalyticsModels.swift; sourceTree = "<group>"; };
		9E04BF258092F6829380B3A0 /* LogDetailBasicsView.swift */ = {isa = PBXFileReference; fileEncoding = 4; lastKnownFileType = sourcecode.swift; path = LogDetailBasicsView.swift; sourceTree = "<group>"; };
		9E04BF7E09883F4AD3733212 /* DatabaseService.swift */ = {isa = PBXFileReference; fileEncoding = 4; lastKnownFileType = sourcecode.swift; path = DatabaseService.swift; sourceTree = "<group>"; };
		9E04BF971048F9F4765391DA /* HomeScreenReducer.swift */ = {isa = PBXFileReference; fileEncoding = 4; lastKnownFileType = sourcecode.swift; path = HomeScreenReducer.swift; sourceTree = "<group>"; };
		9E04BFB9FC87753455D68DDA /* Popup.swift */ = {isa = PBXFileReference; fileEncoding = 4; lastKnownFileType = sourcecode.swift; path = Popup.swift; sourceTree = "<group>"; };
		C79500D120BF55D97837F14C /* Pods-Bonsai.release.xcconfig */ = {isa = PBXFileReference; includeInIndex = 1; lastKnownFileType = text.xcconfig; name = "Pods-Bonsai.release.xcconfig"; path = "Target Support Files/Pods-Bonsai/Pods-Bonsai.release.xcconfig"; sourceTree = "<group>"; };
		FBC3618C0413FD0172D8BDA1 /* Pods-HealthTrack.debug.xcconfig */ = {isa = PBXFileReference; includeInIndex = 1; lastKnownFileType = text.xcconfig; name = "Pods-HealthTrack.debug.xcconfig"; path = "Target Support Files/Pods-HealthTrack/Pods-HealthTrack.debug.xcconfig"; sourceTree = "<group>"; };
/* End PBXFileReference section */

/* Begin PBXFrameworksBuildPhase section */
		11F445DD239A08CB00B501CD /* Frameworks */ = {
			isa = PBXFrameworksBuildPhase;
			buildActionMask = 2147483647;
			files = (
				F8CAFC9280F4E68431474074 /* Pods_Bonsai.framework in Frameworks */,
			);
			runOnlyForDeploymentPostprocessing = 0;
		};
/* End PBXFrameworksBuildPhase section */

/* Begin PBXGroup section */
		110C63A9239D5DBB00D904DE /* View */ = {
			isa = PBXGroup;
			children = (
				11EBB8E423DD398400575CA1 /* Settings */,
				11B7651123CEDA4900BC08CB /* LogDetail */,
				11EDE0E623C6D13900A54673 /* ViewLogs */,
				11B4311B23A6965500909D47 /* Common */,
				110C63AF239D6CE000D904DE /* Home */,
				114B742D23A1E3C20095D44B /* CreateLog */,
				110C63AA239D5DD100D904DE /* Properties */,
				114B7429239FE9E20095D44B /* RootView.swift */,
				11B4312423A73B3700909D47 /* TabBarView.swift */,
				11B4311E23A69AC300909D47 /* ContentView.swift */,
				9E04BB8BB056B5229D18E7A4 /* Debug */,
				9E04B281F9FE1970BB809117 /* Analytics */,
			);
			path = View;
			sourceTree = "<group>";
		};
		110C63AA239D5DD100D904DE /* Properties */ = {
			isa = PBXGroup;
			children = (
				110C63AB239D5ECB00D904DE /* Color.swift */,
				110C63AD239D613C00D904DE /* Typography.swift */,
				110C63B2239D6FA100D904DE /* Icon.swift */,
				110C63B4239DDCA500D904DE /* Dimens.swift */,
			);
			path = Properties;
			sourceTree = "<group>";
		};
		110C63AF239D6CE000D904DE /* Home */ = {
			isa = PBXGroup;
			children = (
				114B7425239F4CA10095D44B /* HomeTab.swift */,
				110C63B0239D6E3800D904DE /* LogReminderRow.swift */,
				110C63B6239E067500D904DE /* LogReminderSection.swift */,
				114B7427239F549D0095D44B /* RecentLogSection.swift */,
				11EDAE4C240C5B340072B46F /* MoodAnalyticsSection.swift */,
			);
			path = Home;
			sourceTree = "<group>";
		};
		114B742D23A1E3C20095D44B /* CreateLog */ = {
			isa = PBXGroup;
			children = (
				9E04B657CE63672A2AF402BF /* Search */,
				9E04B9C0C2C39309FB8FB6F0 /* Medication */,
				11B4312C23A9F43600909D47 /* Mood */,
				114B742B23A0B2E40095D44B /* CreateLogView.swift */,
				114B742E23A1E3D40095D44B /* CreateLogCategoryView.swift */,
				111D61B523F31F100025019F /* CreateLogDateView.swift */,
				11B4313123AE919B00909D47 /* CreateLogTextField.swift */,
				9E04B05F86D13F8DFC4D8D71 /* Nutrition */,
				9E04BEF2F4F338929AA338D9 /* Symptom */,
				9E04B9B78B86AEE89E345406 /* Activity */,
			);
			path = CreateLog;
			sourceTree = "<group>";
		};
		114B743023A2051D0095D44B /* Redux */ = {
			isa = PBXGroup;
			children = (
				114B743623A207B10095D44B /* AppStore.swift */,
				114B743C23A20D120095D44B /* Actions.swift */,
				114B743E23A28A800095D44B /* AppRedux.swift */,
				9E04B14B7D6624B5C4342B28 /* Middleware */,
				9E04B58E621E85B2CDA4799F /* Reducers */,
				9E04BB9C26A98EBFC1291597 /* States */,
			);
			path = Redux;
			sourceTree = "<group>";
		};
		114B743323A205BD0095D44B /* Model */ = {
			isa = PBXGroup;
			children = (
				114B743423A205EE0095D44B /* Log.swift */,
				11B4311723A5BBB700909D47 /* Mood.swift */,
				9E04B4A50B14B9F44D696289 /* User.swift */,
				9E04B5D9DCFF8D0157D8B57A /* Medication.swift */,
				9E04B0FA059903598F57AE95 /* Nutrition.swift */,
				9E04B658D36CC2F8B5F120B2 /* Symptom.swift */,
				9E04BCFAAF7B3D5C2A36CCA7 /* Activity.swift */,
				9E04BE25078C4D1D66F8E42F /* Note.swift */,
				9E04B1218B164F2EF7864104 /* LogReminder.swift */,
			);
			path = Model;
			sourceTree = "<group>";
		};
		11B4311B23A6965500909D47 /* Common */ = {
			isa = PBXGroup;
			children = (
				11FF402A23FB8C120058583C /* Charts */,
				11B7650E23CED09200BC08CB /* Logs */,
				11EDE0ED23C6EE2E00A54673 /* DatePickerView.swift */,
				11B4311923A6960500909D47 /* LoadingSpinner.swift */,
				11B4311C23A6974C00909D47 /* LoadingSpinnerWrappers.swift */,
				11B4312223A6D71B00909D47 /* Helpers.swift */,
				11B4312F23AB211B00909D47 /* SearchBar.swift */,
				9E04B763E5A55C21C9EF3E57 /* SearchTextObservable.swift */,
				9E04BFB9FC87753455D68DDA /* Popup.swift */,
				9E04BE18499AF88003242B88 /* StandardPopups.swift */,
				9E04BD4984DDBAEC66B08A34 /* DisableInteraction.swift */,
				11929D1023CC358400B06B99 /* ErrorView.swift */,
				9E04B9D9B417E31F7195DE54 /* SectionViews.swift */,
				9E04BE968E2C57ED5F12F9BB /* TappableRowView.swift */,
				11FEACD123E2A5C800C22095 /* RoundedBorderButtonView.swift */,
				9E04BBCE4CF1BE99C653BB69 /* KeyboardPadding.swift */,
			);
			path = Common;
			sourceTree = "<group>";
		};
		11B4312C23A9F43600909D47 /* Mood */ = {
			isa = PBXGroup;
			children = (
				11B4312623A8A03D00909D47 /* MoodLogView.swift */,
				11B4312A23A9213400909D47 /* MoodRankPickerView.swift */,
			);
			path = Mood;
			sourceTree = "<group>";
		};
		11B7650E23CED09200BC08CB /* Logs */ = {
			isa = PBXGroup;
			children = (
				9E04B355F83BFA8404BC1206 /* LogRow.swift */,
			);
			path = Logs;
			sourceTree = "<group>";
		};
		11B7651123CEDA4900BC08CB /* LogDetail */ = {
			isa = PBXGroup;
			children = (
				11B7651223CEDA5F00BC08CB /* LogDetailView.swift */,
				11B7651423CEDAA100BC08CB /* LogDetailSymptomView.swift */,
				11B7651823CF6D7100BC08CB /* LogDetailNotesView.swift */,
				9E04BF258092F6829380B3A0 /* LogDetailBasicsView.swift */,
				9E04BB72735E65800D5B71ED /* LogDetailMedicationView.swift */,
				9E04B0E20E298722B690F1C4 /* LogDetailNutritionView.swift */,
				9E04B6982A1B96DB0D1B6D6F /* LogDetailActivityView.swift */,
			);
			path = LogDetail;
			sourceTree = "<group>";
		};
		11EBB8E423DD398400575CA1 /* Settings */ = {
			isa = PBXGroup;
			children = (
				11EBB8E523DD39E400575CA1 /* SettingsView.swift */,
				9E04B755AF0815DAF19D6FE2 /* AuthViewControllerRepresentable.swift */,
			);
			path = Settings;
			sourceTree = "<group>";
		};
		11EDE0E623C6D13900A54673 /* ViewLogs */ = {
			isa = PBXGroup;
			children = (
				11EDE0E723C6D17A00A54673 /* ViewLogsDateHeaderView.swift */,
				9E04B345F9A5313B154DC745 /* ViewLogsTab.swift */,
			);
			path = ViewLogs;
			sourceTree = "<group>";
		};
		11F445D7239A08CB00B501CD = {
			isa = PBXGroup;
			children = (
				11F445E2239A08CB00B501CD /* Bonsai */,
				11F445E1239A08CB00B501CD /* Products */,
				24915546E47F308BA976B4E0 /* Pods */,
				5B3DA4EB6C3517A5C6287EB7 /* Frameworks */,
			);
			sourceTree = "<group>";
		};
		11F445E1239A08CB00B501CD /* Products */ = {
			isa = PBXGroup;
			children = (
				11F445E0239A08CB00B501CD /* Bonsai.app */,
			);
			name = Products;
			sourceTree = "<group>";
		};
		11F445E2239A08CB00B501CD /* Bonsai */ = {
			isa = PBXGroup;
			children = (
				117F128C23E137980036C055 /* GoogleService-Info.plist */,
				114B743323A205BD0095D44B /* Model */,
				114B743023A2051D0095D44B /* Redux */,
				110C63A9239D5DBB00D904DE /* View */,
				11F445E3239A08CB00B501CD /* AppDelegate.swift */,
				11F445E5239A08CB00B501CD /* SceneDelegate.swift */,
				11F445E9239A08D400B501CD /* Assets.xcassets */,
				11F445EE239A08D400B501CD /* LaunchScreen.storyboard */,
				11F445F1239A08D400B501CD /* Info.plist */,
				11F445EB239A08D400B501CD /* Preview Content */,
				9E04BEE589238655F7534763 /* Service */,
				9E04B3920AAD10E938641431 /* Util */,
			);
			path = Bonsai;
			sourceTree = "<group>";
		};
		11F445EB239A08D400B501CD /* Preview Content */ = {
			isa = PBXGroup;
			children = (
				11F445EC239A08D400B501CD /* Preview Assets.xcassets */,
			);
			path = "Preview Content";
			sourceTree = "<group>";
		};
		11FF402A23FB8C120058583C /* Charts */ = {
			isa = PBXGroup;
			children = (
				11FF403023FDA0B60058583C /* LineChart */,
				11FF402B23FB8C1B0058583C /* BarChart */,
				9E04BD32195B26669D42A6AD /* ChartModels.swift */,
				11FF403123FEFB490058583C /* ChartView.swift */,
				9E04B4D927FA1048319B793C /* PreviewCharts.swift */,
			);
			path = Charts;
			sourceTree = "<group>";
		};
		11FF402B23FB8C1B0058583C /* BarChart */ = {
			isa = PBXGroup;
			children = (
				11FF402C23FB8C4C0058583C /* BarChartComponent.swift */,
				9E04BAC2E285A783EA206AED /* BarChartModels.swift */,
			);
			path = BarChart;
			sourceTree = "<group>";
		};
		11FF403023FDA0B60058583C /* LineChart */ = {
			isa = PBXGroup;
			children = (
				11FF402E23FC5C9B0058583C /* LineChartComponent.swift */,
				9E04BB810B6C11FBAAE8572E /* LineChartHelpers.swift */,
				9E04B3E3FFB50A3920C79D37 /* LineChartModels.swift */,
			);
			path = LineChart;
			sourceTree = "<group>";
		};
		24915546E47F308BA976B4E0 /* Pods */ = {
			isa = PBXGroup;
			children = (
				FBC3618C0413FD0172D8BDA1 /* Pods-HealthTrack.debug.xcconfig */,
				5224D148B81081E7444187A6 /* Pods-HealthTrack.release.xcconfig */,
				75E56A12C7431D234EDF9416 /* Pods-Bonsai.debug.xcconfig */,
				C79500D120BF55D97837F14C /* Pods-Bonsai.release.xcconfig */,
			);
			path = Pods;
			sourceTree = "<group>";
		};
		5B3DA4EB6C3517A5C6287EB7 /* Frameworks */ = {
			isa = PBXGroup;
			children = (
				76CC4C0B881B5BDB7CBB1305 /* Pods_Bonsai.framework */,
			);
			name = Frameworks;
			sourceTree = "<group>";
		};
		9E04B05F86D13F8DFC4D8D71 /* Nutrition */ = {
			isa = PBXGroup;
			children = (
				9E04BC48C0B7BB0F4682BE68 /* NutritionLogView.swift */,
			);
			path = Nutrition;
			sourceTree = "<group>";
		};
		9E04B06A3829C4D6FD042168 /* DatabaseService */ = {
			isa = PBXGroup;
			children = (
				9E04BF7E09883F4AD3733212 /* DatabaseService.swift */,
				9E04B88C0D6CF82260B76695 /* FirebaseDatabase */,
				9E04BBCA2CBF22168BE11AAA /* RealmDatabase */,
			);
			path = DatabaseService;
			sourceTree = "<group>";
		};
		9E04B0D243CEC2F8CCB8B704 /* UserService */ = {
			isa = PBXGroup;
			children = (
				9E04BCEA3FA0AEBDF8B13209 /* UserService.swift */,
				9E04BDF894B8BF390969E233 /* FirebaseAuthService.swift */,
			);
			path = UserService;
			sourceTree = "<group>";
		};
		9E04B14B7D6624B5C4342B28 /* Middleware */ = {
			isa = PBXGroup;
			children = (
				9E04B5548FA5FE0689E72183 /* CreateLogMiddleware.swift */,
				9E04B8C59601E362C76DAABD /* AppInitMiddleware.swift */,
				9E04BB465D817C71E35F45EF /* LoggingMiddleware.swift */,
				9E04B329C5305296C0C18D78 /* HomeScreenMiddleware.swift */,
				9E04BB39F1BF4E0343249791 /* ViewLogsMiddleware.swift */,
				9E04BEBBE15540376ABFCEBC /* LogDetailMiddleware.swift */,
				9E04BD4AB903F6E3E687B8B6 /* SettingsMiddleware.swift */,
				9E04B2DD597DD9644E6A1EB8 /* GlobalLogsMiddleware.swift */,
			);
			path = Middleware;
			sourceTree = "<group>";
		};
		9E04B281F9FE1970BB809117 /* Analytics */ = {
			isa = PBXGroup;
			children = (
				11FF403323FF277B0058583C /* PastWeekMoodChartView.swift */,
			);
			path = Analytics;
			sourceTree = "<group>";
		};
		9E04B3920AAD10E938641431 /* Util */ = {
			isa = PBXGroup;
			children = (
				9E04B6C450860BE65AF311A7 /* UserConstants.swift */,
				9E04B9C8FD3C64EAA23028B0 /* SerializationConstants.swift */,
				9E04BC18297FF062E82106AC /* Utils.swift */,
			);
			path = Util;
			sourceTree = "<group>";
		};
		9E04B55A8BE0A69208646B1E /* AnalyticsService */ = {
			isa = PBXGroup;
			children = (
				9E04B39256857F5BF15DB44F /* AnalyticsService.swift */,
				9E04BEC8DC37D9435D894317 /* AnalyticsModels.swift */,
			);
			path = AnalyticsService;
			sourceTree = "<group>";
		};
		9E04B58E621E85B2CDA4799F /* Reducers */ = {
			isa = PBXGroup;
			children = (
				9E04B17C034FABD17AEC4BFB /* GlobalReducer.swift */,
				9E04BF971048F9F4765391DA /* HomeScreenReducer.swift */,
				9E04B11F0B3A84BA18DFF035 /* AppReducer.swift */,
				9E04B5273996AD629A11C11A /* CreateLogReducer.swift */,
				9E04B4F958CBB6E0E7260A21 /* ViewLogsReducer.swift */,
				9E04B636D29C54C7BDCD27A7 /* LogDetailsReducer.swift */,
				9E04B63095D6F8938ED7D75C /* SettingsReducer.swift */,
				9E04B7DC39527088D3529BB7 /* GlobalLogReducer.swift */,
			);
			path = Reducers;
			sourceTree = "<group>";
		};
		9E04B657CE63672A2AF402BF /* Search */ = {
			isa = PBXGroup;
			children = (
				9E04BA6AAC00E25E507C5764 /* SearchListView.swift */,
				9E04B80416B6B7E5CB269041 /* SearchListResultsView.swift */,
				9E04BA16DE33AF23CFDC1835 /* SearchAddItemView.swift */,
				9E04BA6E51A6CDACF7C60F88 /* SearchListItemRow.swift */,
				9E04B66DB477D3F118D5DA41 /* SearchListViewContainer.swift */,
			);
			path = Search;
			sourceTree = "<group>";
		};
		9E04B88C0D6CF82260B76695 /* FirebaseDatabase */ = {
			isa = PBXGroup;
			children = (
				9E04BAB20AC9FE3AA62269E3 /* FirebaseFirestoreService.swift */,
				9E04B83EBE19C3CBCF07427F /* FirebaseHelpers.swift */,
			);
			path = FirebaseDatabase;
			sourceTree = "<group>";
		};
		9E04B9B78B86AEE89E345406 /* Activity */ = {
			isa = PBXGroup;
			children = (
				9E04B158D38EBC0BEC5C2A77 /* ActivityLogView.swift */,
				1120F7BB23C24BF900287337 /* ActivityLogDurationPickerView.swift */,
				9E04B20C2645C58F9DEA417D /* ActivityLogDurationRowView.swift */,
			);
			path = Activity;
			sourceTree = "<group>";
		};
		9E04B9C0C2C39309FB8FB6F0 /* Medication */ = {
			isa = PBXGroup;
			children = (
				9E04BC42FA01AF3C727FA0A7 /* MedicationLogView.swift */,
			);
			path = Medication;
			sourceTree = "<group>";
		};
		9E04BB8BB056B5229D18E7A4 /* Debug */ = {
			isa = PBXGroup;
			children = (
				9E04B6B20E717222C1408967 /* PreviewLoggables.swift */,
				9E04BB43647F9802F581CE76 /* PreviewState.swift */,
				9E04BDF41F15A3CC3EB991BA /* Previews.swift */,
			);
			path = Debug;
			sourceTree = "<group>";
		};
		9E04BB9C26A98EBFC1291597 /* States */ = {
			isa = PBXGroup;
			children = (
				9E04BC484C03DA14EC33586F /* GlobalState.swift */,
				9E04B2DF23C563EDE7C0BBEE /* CreateLogState.swift */,
				9E04B2034124C63454F0CEDC /* HomeScreenState.swift */,
				9E04B3D87A2D9D0DC0EFC30B /* ViewLogsState.swift */,
				9E04B0F0135005B16E61B8A4 /* LogDetailState.swift */,
				9E04B03E2878B40603D16455 /* SettingsState.swift */,
				9E04B2E5D1742A91F37DD955 /* GlobalLogState.swift */,
			);
			path = States;
			sourceTree = "<group>";
		};
		9E04BBCA2CBF22168BE11AAA /* RealmDatabase */ = {
			isa = PBXGroup;
			children = (
				9E04B2B1F511308872F893EB /* RealmService.swift */,
				9E04B2B35634D7EB1023FCB1 /* LoggableRealmConverters.swift */,
				9E04B76872034B69E6F59084 /* LogReminderRealmConverters.swift */,
				9E04B51F7FCA5C02F7EDE359 /* RealmConfig.swift */,
			);
			path = RealmDatabase;
			sourceTree = "<group>";
		};
		9E04BEE589238655F7534763 /* Service */ = {
			isa = PBXGroup;
			children = (
				9E04B6C42CD67CF8BEF300C2 /* LogService.swift */,
				9E04B315B5D54A72FC7B7D71 /* Common.swift */,
				9E04BD42E217456E1AA1DA03 /* CacheService.swift */,
				9E04B0D243CEC2F8CCB8B704 /* UserService */,
				9E04B06A3829C4D6FD042168 /* DatabaseService */,
				9E04B55A8BE0A69208646B1E /* AnalyticsService */,
			);
			path = Service;
			sourceTree = "<group>";
		};
		9E04BEF2F4F338929AA338D9 /* Symptom */ = {
			isa = PBXGroup;
			children = (
				9E04B359724D8C94ED1CFA37 /* SymptomLogView.swift */,
				1162466C23C1390400788BA5 /* SymptomSeveritySliderView.swift */,
			);
			path = Symptom;
			sourceTree = "<group>";
		};
/* End PBXGroup section */

/* Begin PBXNativeTarget section */
		11F445DF239A08CB00B501CD /* Bonsai */ = {
			isa = PBXNativeTarget;
			buildConfigurationList = 11F445F4239A08D400B501CD /* Build configuration list for PBXNativeTarget "Bonsai" */;
			buildPhases = (
				1A59CEC6960C4D44D643885B /* [CP] Check Pods Manifest.lock */,
				11F445DC239A08CB00B501CD /* Sources */,
				11F445DD239A08CB00B501CD /* Frameworks */,
				11F445DE239A08CB00B501CD /* Resources */,
				4D382233B74B5E98621F9DBB /* [CP] Embed Pods Frameworks */,
				E113C408A9A631F7A83B9E0D /* [CP] Copy Pods Resources */,
			);
			buildRules = (
			);
			dependencies = (
			);
			name = Bonsai;
			productName = HealthTrack;
			productReference = 11F445E0239A08CB00B501CD /* Bonsai.app */;
			productType = "com.apple.product-type.application";
		};
/* End PBXNativeTarget section */

/* Begin PBXProject section */
		11F445D8239A08CB00B501CD /* Project object */ = {
			isa = PBXProject;
			attributes = {
				LastSwiftUpdateCheck = 1120;
				LastUpgradeCheck = 1120;
				ORGANIZATIONNAME = "Frank Jia";
				TargetAttributes = {
					11F445DF239A08CB00B501CD = {
						CreatedOnToolsVersion = 11.2.1;
					};
				};
			};
			buildConfigurationList = 11F445DB239A08CB00B501CD /* Build configuration list for PBXProject "Bonsai" */;
			compatibilityVersion = "Xcode 9.3";
			developmentRegion = en;
			hasScannedForEncodings = 0;
			knownRegions = (
				en,
				Base,
			);
			mainGroup = 11F445D7239A08CB00B501CD;
			productRefGroup = 11F445E1239A08CB00B501CD /* Products */;
			projectDirPath = "";
			projectRoot = "";
			targets = (
				11F445DF239A08CB00B501CD /* Bonsai */,
			);
		};
/* End PBXProject section */

/* Begin PBXResourcesBuildPhase section */
		11F445DE239A08CB00B501CD /* Resources */ = {
			isa = PBXResourcesBuildPhase;
			buildActionMask = 2147483647;
			files = (
				11F445F0239A08D400B501CD /* LaunchScreen.storyboard in Resources */,
				117F128D23E137990036C055 /* GoogleService-Info.plist in Resources */,
				11F445ED239A08D400B501CD /* Preview Assets.xcassets in Resources */,
				11F445EA239A08D400B501CD /* Assets.xcassets in Resources */,
			);
			runOnlyForDeploymentPostprocessing = 0;
		};
/* End PBXResourcesBuildPhase section */

/* Begin PBXShellScriptBuildPhase section */
		1A59CEC6960C4D44D643885B /* [CP] Check Pods Manifest.lock */ = {
			isa = PBXShellScriptBuildPhase;
			buildActionMask = 2147483647;
			files = (
			);
			inputFileListPaths = (
			);
			inputPaths = (
				"${PODS_PODFILE_DIR_PATH}/Podfile.lock",
				"${PODS_ROOT}/Manifest.lock",
			);
			name = "[CP] Check Pods Manifest.lock";
			outputFileListPaths = (
			);
			outputPaths = (
				"$(DERIVED_FILE_DIR)/Pods-Bonsai-checkManifestLockResult.txt",
			);
			runOnlyForDeploymentPostprocessing = 0;
			shellPath = /bin/sh;
			shellScript = "diff \"${PODS_PODFILE_DIR_PATH}/Podfile.lock\" \"${PODS_ROOT}/Manifest.lock\" > /dev/null\nif [ $? != 0 ] ; then\n    # print error to STDERR\n    echo \"error: The sandbox is not in sync with the Podfile.lock. Run 'pod install' or update your CocoaPods installation.\" >&2\n    exit 1\nfi\n# This output is used by Xcode 'outputs' to avoid re-running this script phase.\necho \"SUCCESS\" > \"${SCRIPT_OUTPUT_FILE_0}\"\n";
			showEnvVarsInLog = 0;
		};
		4D382233B74B5E98621F9DBB /* [CP] Embed Pods Frameworks */ = {
			isa = PBXShellScriptBuildPhase;
			buildActionMask = 2147483647;
			files = (
			);
			inputFileListPaths = (
				"${PODS_ROOT}/Target Support Files/Pods-Bonsai/Pods-Bonsai-frameworks-${CONFIGURATION}-input-files.xcfilelist",
			);
			name = "[CP] Embed Pods Frameworks";
			outputFileListPaths = (
				"${PODS_ROOT}/Target Support Files/Pods-Bonsai/Pods-Bonsai-frameworks-${CONFIGURATION}-output-files.xcfilelist",
			);
			runOnlyForDeploymentPostprocessing = 0;
			shellPath = /bin/sh;
			shellScript = "\"${PODS_ROOT}/Target Support Files/Pods-Bonsai/Pods-Bonsai-frameworks.sh\"\n";
			showEnvVarsInLog = 0;
		};
		E113C408A9A631F7A83B9E0D /* [CP] Copy Pods Resources */ = {
			isa = PBXShellScriptBuildPhase;
			buildActionMask = 2147483647;
			files = (
			);
			inputFileListPaths = (
				"${PODS_ROOT}/Target Support Files/Pods-Bonsai/Pods-Bonsai-resources-${CONFIGURATION}-input-files.xcfilelist",
			);
			name = "[CP] Copy Pods Resources";
			outputFileListPaths = (
				"${PODS_ROOT}/Target Support Files/Pods-Bonsai/Pods-Bonsai-resources-${CONFIGURATION}-output-files.xcfilelist",
			);
			runOnlyForDeploymentPostprocessing = 0;
			shellPath = /bin/sh;
			shellScript = "\"${PODS_ROOT}/Target Support Files/Pods-Bonsai/Pods-Bonsai-resources.sh\"\n";
			showEnvVarsInLog = 0;
		};
/* End PBXShellScriptBuildPhase section */

/* Begin PBXSourcesBuildPhase section */
		11F445DC239A08CB00B501CD /* Sources */ = {
			isa = PBXSourcesBuildPhase;
			buildActionMask = 2147483647;
			files = (
				11B4312523A73B3700909D47 /* TabBarView.swift in Sources */,
				11B4311823A5BBB700909D47 /* Mood.swift in Sources */,
				114B742C23A0B2E50095D44B /* CreateLogView.swift in Sources */,
				110C63AE239D613C00D904DE /* Typography.swift in Sources */,
				11F445E4239A08CB00B501CD /* AppDelegate.swift in Sources */,
				11B4312323A6D71B00909D47 /* Helpers.swift in Sources */,
				11B7651923CF6D7100BC08CB /* LogDetailNotesView.swift in Sources */,
				114B742F23A1E3D40095D44B /* CreateLogCategoryView.swift in Sources */,
				11B4312B23A9213400909D47 /* MoodRankPickerView.swift in Sources */,
				110C63B3239D6FA100D904DE /* Icon.swift in Sources */,
				110C63AC239D5ECB00D904DE /* Color.swift in Sources */,
				1162466D23C1390500788BA5 /* SymptomSeveritySliderView.swift in Sources */,
				114B743523A205EE0095D44B /* Log.swift in Sources */,
				11FF402D23FB8C4C0058583C /* BarChartComponent.swift in Sources */,
				114B743723A207B10095D44B /* AppStore.swift in Sources */,
				11B7651323CEDA5F00BC08CB /* LogDetailView.swift in Sources */,
				11B4311F23A69AC300909D47 /* ContentView.swift in Sources */,
				114B7428239F549D0095D44B /* RecentLogSection.swift in Sources */,
				11EDE0E823C6D17A00A54673 /* ViewLogsDateHeaderView.swift in Sources */,
				11FEACD223E2A5C800C22095 /* RoundedBorderButtonView.swift in Sources */,
				11929D1123CC358400B06B99 /* ErrorView.swift in Sources */,
				11B4312723A8A03D00909D47 /* MoodLogView.swift in Sources */,
				11F445E6239A08CB00B501CD /* SceneDelegate.swift in Sources */,
				110C63B1239D6E3800D904DE /* LogReminderRow.swift in Sources */,
				11B4313223AE919B00909D47 /* CreateLogTextField.swift in Sources */,
				114B742A239FE9E20095D44B /* RootView.swift in Sources */,
				110C63B7239E067500D904DE /* LogReminderSection.swift in Sources */,
				114B743D23A20D120095D44B /* Actions.swift in Sources */,
				114B7426239F4CA10095D44B /* HomeTab.swift in Sources */,
				114B743F23A28A800095D44B /* AppRedux.swift in Sources */,
				110C63B5239DDCA500D904DE /* Dimens.swift in Sources */,
				9E04B885AE24CF4A17D9A873 /* LogService.swift in Sources */,
				9E04BFCF9C45BB3FCE40FFE3 /* User.swift in Sources */,
				9E04BF9D42BED6CD1B95E47A /* UserConstants.swift in Sources */,
				9E04B7D8552FA405AEC1E868 /* Common.swift in Sources */,
				11B4311A23A6960500909D47 /* LoadingSpinner.swift in Sources */,
				11B4311D23A6974C00909D47 /* LoadingSpinnerWrappers.swift in Sources */,
				11B4313023AB211B00909D47 /* SearchBar.swift in Sources */,
				9E04B6DD94E5A95F4D9DCA11 /* SerializationConstants.swift in Sources */,
				9E04BC93C6BC7E379AC5D5A7 /* Medication.swift in Sources */,
				9E04B1DC07699EBE5C684C53 /* MedicationLogView.swift in Sources */,
				9E04B513CC19B5E2DB63CED9 /* SearchTextObservable.swift in Sources */,
				9E04B6BD53BC62CFB6CE2E1F /* CreateLogMiddleware.swift in Sources */,
				9E04B642138C647CA21FCBE5 /* AppInitMiddleware.swift in Sources */,
				9E04BAB33DC97B591A4C4192 /* GlobalReducer.swift in Sources */,
				9E04B5ECE8A4C858E0D30AB7 /* Utils.swift in Sources */,
				9E04B83524FD1C31EBE1A9AE /* SearchListView.swift in Sources */,
				9E04B821E25A6B57FABBFC74 /* SearchListResultsView.swift in Sources */,
				9E04B7C8274F27A34D900D11 /* SearchAddItemView.swift in Sources */,
				9E04B5AFF3ADE20F1639D10D /* SearchListItemRow.swift in Sources */,
				9E04B755EF3C338636399E89 /* GlobalState.swift in Sources */,
				9E04BB30BD8E25713D8572AA /* CreateLogState.swift in Sources */,
				11EDE0EE23C6EE2E00A54673 /* DatePickerView.swift in Sources */,
				9E04BB66ECCD13C94DFBC8B1 /* Popup.swift in Sources */,
				9E04BF009A3FCEC39D6F0D59 /* StandardPopups.swift in Sources */,
				9E04BBC70F549E1E51568666 /* DisableInteraction.swift in Sources */,
				9E04BE1242E1E56CB9BD4DF4 /* LoggingMiddleware.swift in Sources */,
				11B7651523CEDAA100BC08CB /* LogDetailSymptomView.swift in Sources */,
				9E04B5451F43ADCBD5CC72FA /* HomeScreenReducer.swift in Sources */,
				9E04B869A894D06C1A0F2BDA /* HomeScreenState.swift in Sources */,
				9E04B066551BCEEF58E9DB5B /* HomeScreenMiddleware.swift in Sources */,
				9E04BB1C25373057C19F19B9 /* AppReducer.swift in Sources */,
				9E04B8EC811016356918B8F3 /* SearchListViewContainer.swift in Sources */,
				9E04B9DD062519A86C6F3CD9 /* NutritionLogView.swift in Sources */,
				9E04B7090408200D01C3F015 /* Nutrition.swift in Sources */,
				11EDAE4D240C5B340072B46F /* MoodAnalyticsSection.swift in Sources */,
				9E04B1F285BD40EB2E48688C /* SymptomLogView.swift in Sources */,
				9E04B20DF75F4ECBB16C6DBC /* Symptom.swift in Sources */,
				9E04B50598E3E5F85D218185 /* Activity.swift in Sources */,
				1120F7BC23C24BF900287337 /* ActivityLogDurationPickerView.swift in Sources */,
				9E04B43BF70AF74B23CE5CA1 /* Note.swift in Sources */,
				9E04BEB7D91AD8C615C84D77 /* ActivityLogView.swift in Sources */,
				9E04B548CF6C4197ED8E871C /* ActivityLogDurationRowView.swift in Sources */,
				9E04BEAB2820AE84A00779F5 /* ViewLogsState.swift in Sources */,
				9E04B2AB822789B9206A8765 /* CreateLogReducer.swift in Sources */,
				11EBB8E623DD39E400575CA1 /* SettingsView.swift in Sources */,
				9E04BBC2B2FF6C3F91B2FC86 /* ViewLogsReducer.swift in Sources */,
				9E04BD64D0B8E18A2071FD45 /* ViewLogsTab.swift in Sources */,
				9E04BA0B391A9ECA68557B6E /* ViewLogsMiddleware.swift in Sources */,
				9E04B0E9C35B4A8C7F35725C /* LogRow.swift in Sources */,
				9E04BAB3F139D3832AA46E46 /* SectionViews.swift in Sources */,
				9E04BC8DB125285AF036E6F4 /* PreviewLoggables.swift in Sources */,
				9E04BA2F6B0EAE778B64DAEC /* TappableRowView.swift in Sources */,
				9E04B2A80CC13789F016F18C /* LogDetailBasicsView.swift in Sources */,
				9E04BB25498F950A8D84B41E /* PreviewState.swift in Sources */,
				11FF403223FEFB490058583C /* ChartView.swift in Sources */,
				9E04B95B683A587ACED91D5F /* LogDetailState.swift in Sources */,
				9E04BAA1D418E7593D4D4FD8 /* LogDetailMiddleware.swift in Sources */,
				9E04BF8B0D0B677809F642FB /* LogDetailsReducer.swift in Sources */,
				9E04B9CCE5B730A6CD36D39A /* LogDetailMedicationView.swift in Sources */,
				9E04BD764A5BD572470ED4E6 /* LogDetailNutritionView.swift in Sources */,
				9E04B885C9949CF44B529078 /* LogDetailActivityView.swift in Sources */,
				9E04BE181FE86A8C5846BA79 /* CacheService.swift in Sources */,
				9E04B25F7C690817E09E203E /* UserService.swift in Sources */,
				9E04BA76B3A26CF5EAF2AB58 /* FirebaseAuthService.swift in Sources */,
				9E04B43EFE2FEC2099CB0364 /* SettingsState.swift in Sources */,
				9E04BA3CE472D42D9248BDCC /* SettingsReducer.swift in Sources */,
				9E04BDBDF506B0CB3069CA8E /* SettingsMiddleware.swift in Sources */,
				111D61B623F31F100025019F /* CreateLogDateView.swift in Sources */,
				9E04B986D42B107ED18ED0E5 /* AuthViewControllerRepresentable.swift in Sources */,
				9E04B19E91A48EB332B64267 /* KeyboardPadding.swift in Sources */,
				11FF402F23FC5C9B0058583C /* LineChartComponent.swift in Sources */,
				11FF403423FF277B0058583C /* PastWeekMoodChartView.swift in Sources */,
				9E04B44B6BD1BCCE962BF217 /* LineChartHelpers.swift in Sources */,
				9E04B33DA4A87FE7E2ED790E /* LineChartModels.swift in Sources */,
				9E04B48DD051003D11BEC39D /* BarChartModels.swift in Sources */,
				9E04BB6ECC15FF7A01CF2DB5 /* ChartModels.swift in Sources */,
				9E04B13EB0CE4F0B2F194268 /* PreviewCharts.swift in Sources */,
				9E04B6B177FA9FB7A80BAC4E /* DatabaseService.swift in Sources */,
				9E04BC27B32E25F3B672BEBE /* FirebaseFirestoreService.swift in Sources */,
				9E04BF52352D5864E885244A /* FirebaseHelpers.swift in Sources */,
				9E04BDA191E49B405BE5FFBC /* RealmService.swift in Sources */,
				9E04BC69C070ACB3E9681D10 /* LoggableRealmConverters.swift in Sources */,
				9E04BB192FBB0D8D9E0B836C /* AnalyticsService.swift in Sources */,
				9E04B9C36603145118DD76D2 /* AnalyticsModels.swift in Sources */,
				9E04B84BA6FC862AC60060D2 /* Previews.swift in Sources */,
				9E04BEEF5C7968E0AAD57AEB /* GlobalLogState.swift in Sources */,
				9E04BE71507D8C7877D339EF /* GlobalLogReducer.swift in Sources */,
				9E04B9CD1E062D99206851B7 /* GlobalLogsMiddleware.swift in Sources */,
				9E04B1039F9BC785A128368E /* LogReminder.swift in Sources */,
				9E04BACB64E973DA12876E60 /* LogReminderRealmConverters.swift in Sources */,
				9E04B9894EED8D8491CD685D /* RealmConfig.swift in Sources */,
			);
			runOnlyForDeploymentPostprocessing = 0;
		};
/* End PBXSourcesBuildPhase section */

/* Begin PBXVariantGroup section */
		11F445EE239A08D400B501CD /* LaunchScreen.storyboard */ = {
			isa = PBXVariantGroup;
			children = (
				11F445EF239A08D400B501CD /* Base */,
			);
			name = LaunchScreen.storyboard;
			sourceTree = "<group>";
		};
/* End PBXVariantGroup section */

/* Begin XCBuildConfiguration section */
		11F445F2239A08D400B501CD /* Debug */ = {
			isa = XCBuildConfiguration;
			buildSettings = {
				ALWAYS_SEARCH_USER_PATHS = NO;
				CLANG_ANALYZER_NONNULL = YES;
				CLANG_ANALYZER_NUMBER_OBJECT_CONVERSION = YES_AGGRESSIVE;
				CLANG_CXX_LANGUAGE_STANDARD = "gnu++14";
				CLANG_CXX_LIBRARY = "libc++";
				CLANG_ENABLE_MODULES = YES;
				CLANG_ENABLE_OBJC_ARC = YES;
				CLANG_ENABLE_OBJC_WEAK = YES;
				CLANG_WARN_BLOCK_CAPTURE_AUTORELEASING = YES;
				CLANG_WARN_BOOL_CONVERSION = YES;
				CLANG_WARN_COMMA = YES;
				CLANG_WARN_CONSTANT_CONVERSION = YES;
				CLANG_WARN_DEPRECATED_OBJC_IMPLEMENTATIONS = YES;
				CLANG_WARN_DIRECT_OBJC_ISA_USAGE = YES_ERROR;
				CLANG_WARN_DOCUMENTATION_COMMENTS = YES;
				CLANG_WARN_EMPTY_BODY = YES;
				CLANG_WARN_ENUM_CONVERSION = YES;
				CLANG_WARN_INFINITE_RECURSION = YES;
				CLANG_WARN_INT_CONVERSION = YES;
				CLANG_WARN_NON_LITERAL_NULL_CONVERSION = YES;
				CLANG_WARN_OBJC_IMPLICIT_RETAIN_SELF = YES;
				CLANG_WARN_OBJC_LITERAL_CONVERSION = YES;
				CLANG_WARN_OBJC_ROOT_CLASS = YES_ERROR;
				CLANG_WARN_RANGE_LOOP_ANALYSIS = YES;
				CLANG_WARN_STRICT_PROTOTYPES = YES;
				CLANG_WARN_SUSPICIOUS_MOVE = YES;
				CLANG_WARN_UNGUARDED_AVAILABILITY = YES_AGGRESSIVE;
				CLANG_WARN_UNREACHABLE_CODE = YES;
				CLANG_WARN__DUPLICATE_METHOD_MATCH = YES;
				COPY_PHASE_STRIP = NO;
				DEBUG_INFORMATION_FORMAT = dwarf;
				ENABLE_STRICT_OBJC_MSGSEND = YES;
				ENABLE_TESTABILITY = YES;
				GCC_C_LANGUAGE_STANDARD = gnu11;
				GCC_DYNAMIC_NO_PIC = NO;
				GCC_NO_COMMON_BLOCKS = YES;
				GCC_OPTIMIZATION_LEVEL = 0;
				GCC_PREPROCESSOR_DEFINITIONS = (
					"DEBUG=1",
					"$(inherited)",
				);
				GCC_WARN_64_TO_32_BIT_CONVERSION = YES;
				GCC_WARN_ABOUT_RETURN_TYPE = YES_ERROR;
				GCC_WARN_UNDECLARED_SELECTOR = YES;
				GCC_WARN_UNINITIALIZED_AUTOS = YES_AGGRESSIVE;
				GCC_WARN_UNUSED_FUNCTION = YES;
				GCC_WARN_UNUSED_VARIABLE = YES;
				IPHONEOS_DEPLOYMENT_TARGET = 13.2;
				MTL_ENABLE_DEBUG_INFO = INCLUDE_SOURCE;
				MTL_FAST_MATH = YES;
				ONLY_ACTIVE_ARCH = YES;
				SDKROOT = iphoneos;
				SWIFT_ACTIVE_COMPILATION_CONDITIONS = DEBUG;
				SWIFT_OPTIMIZATION_LEVEL = "-Onone";
			};
			name = Debug;
		};
		11F445F3239A08D400B501CD /* Release */ = {
			isa = XCBuildConfiguration;
			buildSettings = {
				ALWAYS_SEARCH_USER_PATHS = NO;
				CLANG_ANALYZER_NONNULL = YES;
				CLANG_ANALYZER_NUMBER_OBJECT_CONVERSION = YES_AGGRESSIVE;
				CLANG_CXX_LANGUAGE_STANDARD = "gnu++14";
				CLANG_CXX_LIBRARY = "libc++";
				CLANG_ENABLE_MODULES = YES;
				CLANG_ENABLE_OBJC_ARC = YES;
				CLANG_ENABLE_OBJC_WEAK = YES;
				CLANG_WARN_BLOCK_CAPTURE_AUTORELEASING = YES;
				CLANG_WARN_BOOL_CONVERSION = YES;
				CLANG_WARN_COMMA = YES;
				CLANG_WARN_CONSTANT_CONVERSION = YES;
				CLANG_WARN_DEPRECATED_OBJC_IMPLEMENTATIONS = YES;
				CLANG_WARN_DIRECT_OBJC_ISA_USAGE = YES_ERROR;
				CLANG_WARN_DOCUMENTATION_COMMENTS = YES;
				CLANG_WARN_EMPTY_BODY = YES;
				CLANG_WARN_ENUM_CONVERSION = YES;
				CLANG_WARN_INFINITE_RECURSION = YES;
				CLANG_WARN_INT_CONVERSION = YES;
				CLANG_WARN_NON_LITERAL_NULL_CONVERSION = YES;
				CLANG_WARN_OBJC_IMPLICIT_RETAIN_SELF = YES;
				CLANG_WARN_OBJC_LITERAL_CONVERSION = YES;
				CLANG_WARN_OBJC_ROOT_CLASS = YES_ERROR;
				CLANG_WARN_RANGE_LOOP_ANALYSIS = YES;
				CLANG_WARN_STRICT_PROTOTYPES = YES;
				CLANG_WARN_SUSPICIOUS_MOVE = YES;
				CLANG_WARN_UNGUARDED_AVAILABILITY = YES_AGGRESSIVE;
				CLANG_WARN_UNREACHABLE_CODE = YES;
				CLANG_WARN__DUPLICATE_METHOD_MATCH = YES;
				COPY_PHASE_STRIP = NO;
				DEBUG_INFORMATION_FORMAT = "dwarf-with-dsym";
				ENABLE_NS_ASSERTIONS = NO;
				ENABLE_STRICT_OBJC_MSGSEND = YES;
				GCC_C_LANGUAGE_STANDARD = gnu11;
				GCC_NO_COMMON_BLOCKS = YES;
				GCC_WARN_64_TO_32_BIT_CONVERSION = YES;
				GCC_WARN_ABOUT_RETURN_TYPE = YES_ERROR;
				GCC_WARN_UNDECLARED_SELECTOR = YES;
				GCC_WARN_UNINITIALIZED_AUTOS = YES_AGGRESSIVE;
				GCC_WARN_UNUSED_FUNCTION = YES;
				GCC_WARN_UNUSED_VARIABLE = YES;
				IPHONEOS_DEPLOYMENT_TARGET = 13.2;
				MTL_ENABLE_DEBUG_INFO = NO;
				MTL_FAST_MATH = YES;
				SDKROOT = iphoneos;
				SWIFT_COMPILATION_MODE = wholemodule;
				SWIFT_OPTIMIZATION_LEVEL = "-O";
				VALIDATE_PRODUCT = YES;
			};
			name = Release;
		};
		11F445F5239A08D400B501CD /* Debug */ = {
			isa = XCBuildConfiguration;
			baseConfigurationReference = 75E56A12C7431D234EDF9416 /* Pods-Bonsai.debug.xcconfig */;
			buildSettings = {
				ASSETCATALOG_COMPILER_APPICON_NAME = AppIcon;
				CODE_SIGN_IDENTITY = "iPhone Developer";
				CODE_SIGN_STYLE = Automatic;
				DEVELOPMENT_ASSET_PATHS = "\"Bonsai/Preview Content\"";
				DEVELOPMENT_TEAM = P2M6BCPR7S;
				ENABLE_PREVIEWS = YES;
				INFOPLIST_FILE = "$(SRCROOT)/Bonsai/Info.plist";
				LD_RUNPATH_SEARCH_PATHS = (
					"$(inherited)",
					"@executable_path/Frameworks",
				);
				PRODUCT_BUNDLE_IDENTIFIER = com.jiafrank.Bonsai;
				PRODUCT_NAME = "$(TARGET_NAME)";
				SWIFT_VERSION = 5.0;
				TARGETED_DEVICE_FAMILY = 1;
			};
			name = Debug;
		};
		11F445F6239A08D400B501CD /* Release */ = {
			isa = XCBuildConfiguration;
			baseConfigurationReference = C79500D120BF55D97837F14C /* Pods-Bonsai.release.xcconfig */;
			buildSettings = {
				ASSETCATALOG_COMPILER_APPICON_NAME = AppIcon;
				CODE_SIGN_IDENTITY = "iPhone Developer";
				CODE_SIGN_STYLE = Automatic;
				DEVELOPMENT_ASSET_PATHS = "\"Bonsai/Preview Content\"";
				DEVELOPMENT_TEAM = P2M6BCPR7S;
				ENABLE_PREVIEWS = YES;
				INFOPLIST_FILE = "$(SRCROOT)/Bonsai/Info.plist";
				LD_RUNPATH_SEARCH_PATHS = (
					"$(inherited)",
					"@executable_path/Frameworks",
				);
				PRODUCT_BUNDLE_IDENTIFIER = com.jiafrank.Bonsai;
				PRODUCT_NAME = "$(TARGET_NAME)";
				SWIFT_VERSION = 5.0;
				TARGETED_DEVICE_FAMILY = 1;
			};
			name = Release;
		};
/* End XCBuildConfiguration section */

/* Begin XCConfigurationList section */
		11F445DB239A08CB00B501CD /* Build configuration list for PBXProject "Bonsai" */ = {
			isa = XCConfigurationList;
			buildConfigurations = (
				11F445F2239A08D400B501CD /* Debug */,
				11F445F3239A08D400B501CD /* Release */,
			);
			defaultConfigurationIsVisible = 0;
			defaultConfigurationName = Release;
		};
		11F445F4239A08D400B501CD /* Build configuration list for PBXNativeTarget "Bonsai" */ = {
			isa = XCConfigurationList;
			buildConfigurations = (
				11F445F5239A08D400B501CD /* Debug */,
				11F445F6239A08D400B501CD /* Release */,
			);
			defaultConfigurationIsVisible = 0;
			defaultConfigurationName = Release;
		};
/* End XCConfigurationList section */
	};
	rootObject = 11F445D8239A08CB00B501CD /* Project object */;
}
